{
  "version": 4,
  "terraform_version": "1.12.2",
  "serial": 3929,
  "lineage": "e034d683-6f39-f5d8-234e-49626aeb0cad",
  "outputs": {},
  "resources": [
    {
      "module": "module.cloudwatch",
      "mode": "managed",
      "type": "aws_cloudwatch_log_group",
      "name": "for_ecs",
      "provider": "provider[\"registry.terraform.io/hashicorp/aws\"]",
      "instances": [
        {
          "schema_version": 0,
          "attributes": {
            "arn": "arn:aws:logs:ap-northeast-1:442376921734:log-group:/aws/ecs/logs",
            "id": "/aws/ecs/logs",
            "kms_key_id": "",
            "log_group_class": "STANDARD",
            "name": "/aws/ecs/logs",
            "name_prefix": "",
            "retention_in_days": 30,
            "skip_destroy": false,
            "tags": null,
            "tags_all": {}
          },
          "sensitive_attributes": [],
          "identity_schema_version": 0,
          "private": "bnVsbA==",
          "dependencies": [
            "module.ec2.aws_acm_certificate.tokyo_cert",
            "module.ec2.aws_acm_certificate_validation.cert_valid",
            "module.ec2.aws_lb.alb",
            "module.ec2.aws_lb_listener.aws_listener_https",
            "module.ec2.aws_lb_listener.http",
            "module.ec2.aws_lb_listener_rule.ecs_rule",
            "module.ec2.aws_lb_target_group.ecs",
            "module.ec2.aws_route53_record.alb_alias",
            "module.ec2.aws_route53_record.route53_acm_dns_resolve",
            "module.ec2.aws_route53_zone.hostzone",
            "module.ec2.aws_security_group.alb_sg",
            "module.ecs.aws_ecs_cluster.fargate_cluster",
            "module.ecs.aws_ecs_service.fargate_service",
            "module.ecs.aws_ecs_task_definition.fargate_task",
            "module.ecs.aws_security_group.ecs_sg",
            "module.iam.aws_iam_role.ecs_task_execution_role",
            "module.iam.aws_iam_role.ecs_task_role",
            "module.vpc.aws_subnet.private_a_ecs",
            "module.vpc.aws_subnet.private_c_ecs",
            "module.vpc.aws_subnet.public_a_alb",
            "module.vpc.aws_subnet.public_c_alb",
            "module.vpc.aws_subnet.public_d_alb",
            "module.vpc.aws_vpc.vpc"
          ]
        }
      ]
    },
    {
      "module": "module.ec2",
      "mode": "managed",
      "type": "aws_acm_certificate",
      "name": "tokyo_cert",
      "provider": "provider[\"registry.terraform.io/hashicorp/aws\"]",
      "instances": [
        {
          "schema_version": 0,
          "attributes": {
            "arn": "arn:aws:acm:ap-northeast-1:442376921734:certificate/c8664674-f59b-4c9a-a94e-10d829f4f420",
            "certificate_authority_arn": "",
            "certificate_body": null,
            "certificate_chain": null,
            "domain_name": "naonao0522.click",
            "domain_validation_options": [
              {
                "domain_name": "*.naonao0522.click",
                "resource_record_name": "_75d267b9c8b2ece443d4dda4dbca5e6d.naonao0522.click.",
                "resource_record_type": "CNAME",
                "resource_record_value": "_f06fad889078a97483c14b574ebd7ddf.xlfgrmvvlj.acm-validations.aws."
              },
              {
                "domain_name": "naonao0522.click",
                "resource_record_name": "_75d267b9c8b2ece443d4dda4dbca5e6d.naonao0522.click.",
                "resource_record_type": "CNAME",
                "resource_record_value": "_f06fad889078a97483c14b574ebd7ddf.xlfgrmvvlj.acm-validations.aws."
              }
            ],
            "early_renewal_duration": "",
            "id": "arn:aws:acm:ap-northeast-1:442376921734:certificate/c8664674-f59b-4c9a-a94e-10d829f4f420",
            "key_algorithm": "RSA_2048",
            "not_after": "",
            "not_before": "",
            "options": [
              {
                "certificate_transparency_logging_preference": "ENABLED"
              }
            ],
            "pending_renewal": false,
            "private_key": null,
            "renewal_eligibility": "INELIGIBLE",
            "renewal_summary": [],
            "status": "PENDING_VALIDATION",
            "subject_alternative_names": [
              "*.naonao0522.click",
              "naonao0522.click"
            ],
            "tags": {
              "Name": "cheerpay-dev-tokyo-acm"
            },
            "tags_all": {
              "Name": "cheerpay-dev-tokyo-acm"
            },
            "type": "AMAZON_ISSUED",
            "validation_emails": [],
            "validation_method": "DNS",
            "validation_option": []
          },
          "sensitive_attributes": [
            [
              {
                "type": "get_attr",
                "value": "private_key"
              }
            ]
          ],
          "identity_schema_version": 0,
          "private": "bnVsbA==",
          "dependencies": [
            "module.ec2.aws_route53_zone.hostzone"
          ],
          "create_before_destroy": true
        }
      ]
    },
    {
      "module": "module.ec2",
      "mode": "managed",
      "type": "aws_acm_certificate_validation",
      "name": "cert_valid",
      "provider": "provider[\"registry.terraform.io/hashicorp/aws\"]",
      "instances": [
        {
          "schema_version": 0,
          "attributes": {
            "certificate_arn": "arn:aws:acm:ap-northeast-1:442376921734:certificate/c8664674-f59b-4c9a-a94e-10d829f4f420",
            "id": "0001-01-01 00:00:00 +0000 UTC",
            "timeouts": null,
            "validation_record_fqdns": [
              "_75d267b9c8b2ece443d4dda4dbca5e6d.naonao0522.click"
            ]
          },
          "sensitive_attributes": [],
          "identity_schema_version": 0,
          "private": "eyJlMmJmYjczMC1lY2FhLTExZTYtOGY4OC0zNDM2M2JjN2M0YzAiOnsiY3JlYXRlIjo0NTAwMDAwMDAwMDAwfX0=",
          "dependencies": [
            "module.ec2.aws_acm_certificate.tokyo_cert",
            "module.ec2.aws_route53_record.route53_acm_dns_resolve",
            "module.ec2.aws_route53_zone.hostzone"
          ]
        }
      ]
    },
    {
      "module": "module.ec2",
      "mode": "managed",
      "type": "aws_lb",
      "name": "alb",
      "provider": "provider[\"registry.terraform.io/hashicorp/aws\"]",
      "instances": [
        {
          "schema_version": 0,
          "attributes": {
            "access_logs": [
              {
                "bucket": "",
                "enabled": false,
                "prefix": ""
              }
            ],
            "arn": "arn:aws:elasticloadbalancing:ap-northeast-1:442376921734:loadbalancer/app/cheerpay-dev-alb/e75b4bf42ff89b89",
            "arn_suffix": "app/cheerpay-dev-alb/e75b4bf42ff89b89",
            "client_keep_alive": 3600,
            "connection_logs": [
              {
                "bucket": "",
                "enabled": false,
                "prefix": ""
              }
            ],
            "customer_owned_ipv4_pool": "",
            "desync_mitigation_mode": "defensive",
            "dns_name": "cheerpay-dev-alb-1015673692.ap-northeast-1.elb.amazonaws.com",
            "dns_record_client_routing_policy": null,
            "drop_invalid_header_fields": false,
            "enable_cross_zone_load_balancing": true,
            "enable_deletion_protection": false,
            "enable_http2": true,
            "enable_tls_version_and_cipher_suite_headers": false,
            "enable_waf_fail_open": false,
            "enable_xff_client_port": false,
            "enable_zonal_shift": false,
            "enforce_security_group_inbound_rules_on_private_link_traffic": "",
            "id": "arn:aws:elasticloadbalancing:ap-northeast-1:442376921734:loadbalancer/app/cheerpay-dev-alb/e75b4bf42ff89b89",
            "idle_timeout": 60,
            "internal": false,
            "ip_address_type": "ipv4",
            "ipam_pools": [],
            "load_balancer_type": "application",
            "minimum_load_balancer_capacity": [],
            "name": "cheerpay-dev-alb",
            "name_prefix": "",
            "preserve_host_header": false,
            "security_groups": [
              "sg-0438178fb1a10dec5"
            ],
            "subnet_mapping": [
              {
                "allocation_id": "",
                "ipv6_address": "",
                "outpost_id": "",
                "private_ipv4_address": "",
                "subnet_id": "subnet-014a1404cdaa329ed"
              },
              {
                "allocation_id": "",
                "ipv6_address": "",
                "outpost_id": "",
                "private_ipv4_address": "",
                "subnet_id": "subnet-02e03be6a60334e24"
              },
              {
                "allocation_id": "",
                "ipv6_address": "",
                "outpost_id": "",
                "private_ipv4_address": "",
                "subnet_id": "subnet-05beb3cd3d6c4de69"
              }
            ],
            "subnets": [
              "subnet-014a1404cdaa329ed",
              "subnet-02e03be6a60334e24",
              "subnet-05beb3cd3d6c4de69"
            ],
            "tags": {
              "Name": "cheerpay-dev-alb"
            },
            "tags_all": {
              "Name": "cheerpay-dev-alb"
            },
            "timeouts": null,
            "vpc_id": "vpc-0c055a6c20ab48fe9",
            "xff_header_processing_mode": "append",
            "zone_id": "Z14GRHDCWA56QT"
          },
          "sensitive_attributes": [],
          "identity_schema_version": 0,
          "private": "eyJlMmJmYjczMC1lY2FhLTExZTYtOGY4OC0zNDM2M2JjN2M0YzAiOnsiY3JlYXRlIjo2MDAwMDAwMDAwMDAsImRlbGV0ZSI6NjAwMDAwMDAwMDAwLCJ1cGRhdGUiOjYwMDAwMDAwMDAwMH19",
          "dependencies": [
            "module.ec2.aws_security_group.alb_sg",
            "module.vpc.aws_subnet.public_a_alb",
            "module.vpc.aws_subnet.public_c_alb",
            "module.vpc.aws_subnet.public_d_alb",
            "module.vpc.aws_vpc.vpc"
          ]
        }
      ]
    },
    {
      "module": "module.ec2",
      "mode": "managed",
      "type": "aws_lb_listener",
      "name": "aws_listener_https",
      "provider": "provider[\"registry.terraform.io/hashicorp/aws\"]",
      "instances": [
        {
          "schema_version": 0,
          "attributes": {
            "alpn_policy": null,
            "arn": "arn:aws:elasticloadbalancing:ap-northeast-1:442376921734:listener/app/cheerpay-dev-alb/e75b4bf42ff89b89/fd3e1ee10821167e",
            "certificate_arn": "arn:aws:acm:ap-northeast-1:442376921734:certificate/c8664674-f59b-4c9a-a94e-10d829f4f420",
            "default_action": [
              {
                "authenticate_cognito": [],
                "authenticate_oidc": [],
                "fixed_response": [],
                "forward": [],
                "order": 1,
                "redirect": [],
                "target_group_arn": "arn:aws:elasticloadbalancing:ap-northeast-1:442376921734:targetgroup/cheerpay-dev-tg/6b599e150cbce245",
                "type": "forward"
              }
            ],
            "id": "arn:aws:elasticloadbalancing:ap-northeast-1:442376921734:listener/app/cheerpay-dev-alb/e75b4bf42ff89b89/fd3e1ee10821167e",
            "load_balancer_arn": "arn:aws:elasticloadbalancing:ap-northeast-1:442376921734:loadbalancer/app/cheerpay-dev-alb/e75b4bf42ff89b89",
            "mutual_authentication": [
              {
                "advertise_trust_store_ca_names": "",
                "ignore_client_certificate_expiry": false,
                "mode": "off",
                "trust_store_arn": ""
              }
            ],
            "port": 443,
            "protocol": "HTTPS",
            "routing_http_request_x_amzn_mtls_clientcert_header_name": "",
            "routing_http_request_x_amzn_mtls_clientcert_issuer_header_name": "",
            "routing_http_request_x_amzn_mtls_clientcert_leaf_header_name": "",
            "routing_http_request_x_amzn_mtls_clientcert_serial_number_header_name": "",
            "routing_http_request_x_amzn_mtls_clientcert_subject_header_name": "",
            "routing_http_request_x_amzn_mtls_clientcert_validity_header_name": "",
            "routing_http_request_x_amzn_tls_cipher_suite_header_name": "",
            "routing_http_request_x_amzn_tls_version_header_name": "",
            "routing_http_response_access_control_allow_credentials_header_value": "",
            "routing_http_response_access_control_allow_headers_header_value": "",
            "routing_http_response_access_control_allow_methods_header_value": "",
            "routing_http_response_access_control_allow_origin_header_value": "",
            "routing_http_response_access_control_expose_headers_header_value": "",
            "routing_http_response_access_control_max_age_header_value": "",
            "routing_http_response_content_security_policy_header_value": "",
            "routing_http_response_server_enabled": true,
            "routing_http_response_strict_transport_security_header_value": "",
            "routing_http_response_x_content_type_options_header_value": "",
            "routing_http_response_x_frame_options_header_value": "",
            "ssl_policy": "ELBSecurityPolicy-TLS13-1-2-Res-2021-06",
            "tags": null,
            "tags_all": {},
            "tcp_idle_timeout_seconds": null,
            "timeouts": null
          },
          "sensitive_attributes": [],
          "identity_schema_version": 0,
          "private": "eyJlMmJmYjczMC1lY2FhLTExZTYtOGY4OC0zNDM2M2JjN2M0YzAiOnsiY3JlYXRlIjozMDAwMDAwMDAwMDAsInVwZGF0ZSI6MzAwMDAwMDAwMDAwfX0=",
          "dependencies": [
            "module.ec2.aws_acm_certificate.tokyo_cert",
            "module.ec2.aws_acm_certificate_validation.cert_valid",
            "module.ec2.aws_lb.alb",
            "module.ec2.aws_lb_target_group.ecs",
            "module.ec2.aws_route53_record.route53_acm_dns_resolve",
            "module.ec2.aws_route53_zone.hostzone",
            "module.ec2.aws_security_group.alb_sg",
            "module.vpc.aws_subnet.public_a_alb",
            "module.vpc.aws_subnet.public_c_alb",
            "module.vpc.aws_subnet.public_d_alb",
            "module.vpc.aws_vpc.vpc"
          ]
        }
      ]
    },
    {
      "module": "module.ec2",
      "mode": "managed",
      "type": "aws_lb_listener",
      "name": "http",
      "provider": "provider[\"registry.terraform.io/hashicorp/aws\"]",
      "instances": [
        {
          "schema_version": 0,
          "attributes": {
            "alpn_policy": null,
            "arn": "arn:aws:elasticloadbalancing:ap-northeast-1:442376921734:listener/app/cheerpay-dev-alb/e75b4bf42ff89b89/040be85a945c0a29",
            "certificate_arn": null,
            "default_action": [
              {
                "authenticate_cognito": [],
                "authenticate_oidc": [],
                "fixed_response": [],
                "forward": [],
                "order": 1,
                "redirect": [],
                "target_group_arn": "arn:aws:elasticloadbalancing:ap-northeast-1:442376921734:targetgroup/cheerpay-dev-tg/6b599e150cbce245",
                "type": "forward"
              }
            ],
            "id": "arn:aws:elasticloadbalancing:ap-northeast-1:442376921734:listener/app/cheerpay-dev-alb/e75b4bf42ff89b89/040be85a945c0a29",
            "load_balancer_arn": "arn:aws:elasticloadbalancing:ap-northeast-1:442376921734:loadbalancer/app/cheerpay-dev-alb/e75b4bf42ff89b89",
            "mutual_authentication": [],
            "port": 80,
            "protocol": "HTTP",
            "routing_http_request_x_amzn_mtls_clientcert_header_name": null,
            "routing_http_request_x_amzn_mtls_clientcert_issuer_header_name": null,
            "routing_http_request_x_amzn_mtls_clientcert_leaf_header_name": null,
            "routing_http_request_x_amzn_mtls_clientcert_serial_number_header_name": null,
            "routing_http_request_x_amzn_mtls_clientcert_subject_header_name": null,
            "routing_http_request_x_amzn_mtls_clientcert_validity_header_name": null,
            "routing_http_request_x_amzn_tls_cipher_suite_header_name": null,
            "routing_http_request_x_amzn_tls_version_header_name": null,
            "routing_http_response_access_control_allow_credentials_header_value": "",
            "routing_http_response_access_control_allow_headers_header_value": "",
            "routing_http_response_access_control_allow_methods_header_value": "",
            "routing_http_response_access_control_allow_origin_header_value": "",
            "routing_http_response_access_control_expose_headers_header_value": "",
            "routing_http_response_access_control_max_age_header_value": "",
            "routing_http_response_content_security_policy_header_value": "",
            "routing_http_response_server_enabled": true,
            "routing_http_response_strict_transport_security_header_value": "",
            "routing_http_response_x_content_type_options_header_value": "",
            "routing_http_response_x_frame_options_header_value": "",
            "ssl_policy": "",
            "tags": null,
            "tags_all": {},
            "tcp_idle_timeout_seconds": null,
            "timeouts": null
          },
          "sensitive_attributes": [],
          "identity_schema_version": 0,
          "private": "eyJlMmJmYjczMC1lY2FhLTExZTYtOGY4OC0zNDM2M2JjN2M0YzAiOnsiY3JlYXRlIjozMDAwMDAwMDAwMDAsInVwZGF0ZSI6MzAwMDAwMDAwMDAwfX0=",
          "dependencies": [
            "module.ec2.aws_lb.alb",
            "module.ec2.aws_lb_target_group.ecs",
            "module.ec2.aws_security_group.alb_sg",
            "module.vpc.aws_subnet.public_a_alb",
            "module.vpc.aws_subnet.public_c_alb",
            "module.vpc.aws_subnet.public_d_alb",
            "module.vpc.aws_vpc.vpc"
          ]
        }
      ]
    },
    {
      "module": "module.ec2",
      "mode": "managed",
      "type": "aws_lb_listener_rule",
      "name": "ecs_rule",
      "provider": "provider[\"registry.terraform.io/hashicorp/aws\"]",
      "instances": [
        {
          "schema_version": 0,
          "attributes": {
            "action": [
              {
                "authenticate_cognito": [],
                "authenticate_oidc": [],
                "fixed_response": [],
                "forward": [],
                "order": 1,
                "redirect": [],
                "target_group_arn": "arn:aws:elasticloadbalancing:ap-northeast-1:442376921734:targetgroup/cheerpay-dev-tg/6b599e150cbce245",
                "type": "forward"
              }
            ],
            "arn": "arn:aws:elasticloadbalancing:ap-northeast-1:442376921734:listener-rule/app/cheerpay-dev-alb/e75b4bf42ff89b89/040be85a945c0a29/9198eb2f713cd828",
            "condition": [
              {
                "host_header": [],
                "http_header": [],
                "http_request_method": [],
                "path_pattern": [
                  {
                    "values": [
                      "/"
                    ]
                  }
                ],
                "query_string": [],
                "source_ip": []
              }
            ],
            "id": "arn:aws:elasticloadbalancing:ap-northeast-1:442376921734:listener-rule/app/cheerpay-dev-alb/e75b4bf42ff89b89/040be85a945c0a29/9198eb2f713cd828",
            "listener_arn": "arn:aws:elasticloadbalancing:ap-northeast-1:442376921734:listener/app/cheerpay-dev-alb/e75b4bf42ff89b89/040be85a945c0a29",
            "priority": 100,
            "tags": null,
            "tags_all": {}
          },
          "sensitive_attributes": [],
          "identity_schema_version": 0,
          "private": "bnVsbA==",
          "dependencies": [
            "module.ec2.aws_lb.alb",
            "module.ec2.aws_lb_listener.http",
            "module.ec2.aws_lb_target_group.ecs",
            "module.ec2.aws_security_group.alb_sg",
            "module.vpc.aws_subnet.public_a_alb",
            "module.vpc.aws_subnet.public_c_alb",
            "module.vpc.aws_subnet.public_d_alb",
            "module.vpc.aws_vpc.vpc"
          ]
        }
      ]
    },
    {
      "module": "module.ec2",
      "mode": "managed",
      "type": "aws_lb_target_group",
      "name": "ecs",
      "provider": "provider[\"registry.terraform.io/hashicorp/aws\"]",
      "instances": [
        {
          "schema_version": 0,
          "attributes": {
            "arn": "arn:aws:elasticloadbalancing:ap-northeast-1:442376921734:targetgroup/cheerpay-dev-tg/6b599e150cbce245",
            "arn_suffix": "targetgroup/cheerpay-dev-tg/6b599e150cbce245",
            "connection_termination": null,
            "deregistration_delay": "300",
            "health_check": [
              {
                "enabled": true,
                "healthy_threshold": 3,
                "interval": 30,
                "matcher": "200",
                "path": "/",
                "port": "traffic-port",
                "protocol": "HTTP",
                "timeout": 5,
                "unhealthy_threshold": 3
              }
            ],
            "id": "arn:aws:elasticloadbalancing:ap-northeast-1:442376921734:targetgroup/cheerpay-dev-tg/6b599e150cbce245",
            "ip_address_type": "ipv4",
            "lambda_multi_value_headers_enabled": false,
            "load_balancer_arns": [],
            "load_balancing_algorithm_type": "round_robin",
            "load_balancing_anomaly_mitigation": "off",
            "load_balancing_cross_zone_enabled": "use_load_balancer_configuration",
            "name": "cheerpay-dev-tg",
            "name_prefix": "",
            "port": 80,
            "preserve_client_ip": null,
            "protocol": "HTTP",
            "protocol_version": "HTTP1",
            "proxy_protocol_v2": false,
            "slow_start": 0,
            "stickiness": [
              {
                "cookie_duration": 86400,
                "cookie_name": "",
                "enabled": false,
                "type": "lb_cookie"
              }
            ],
            "tags": {
              "Name": "cheerpay-dev-tg"
            },
            "tags_all": {
              "Name": "cheerpay-dev-tg"
            },
            "target_failover": [
              {
                "on_deregistration": null,
                "on_unhealthy": null
              }
            ],
            "target_group_health": [
              {
                "dns_failover": [
                  {
                    "minimum_healthy_targets_count": "1",
                    "minimum_healthy_targets_percentage": "off"
                  }
                ],
                "unhealthy_state_routing": [
                  {
                    "minimum_healthy_targets_count": 1,
                    "minimum_healthy_targets_percentage": "off"
                  }
                ]
              }
            ],
            "target_health_state": [
              {
                "enable_unhealthy_connection_termination": null,
                "unhealthy_draining_interval": null
              }
            ],
            "target_type": "ip",
            "vpc_id": "vpc-0c055a6c20ab48fe9"
          },
          "sensitive_attributes": [],
          "identity_schema_version": 0,
          "private": "bnVsbA==",
          "dependencies": [
            "module.vpc.aws_vpc.vpc"
          ]
        }
      ]
    },
    {
      "module": "module.ec2",
      "mode": "managed",
      "type": "aws_route53_record",
      "name": "alb_alias",
      "provider": "provider[\"registry.terraform.io/hashicorp/aws\"]",
      "instances": [
        {
          "schema_version": 2,
          "attributes": {
            "alias": [
              {
                "evaluate_target_health": true,
                "name": "cheerpay-dev-alb-1015673692.ap-northeast-1.elb.amazonaws.com",
                "zone_id": "Z14GRHDCWA56QT"
              }
            ],
            "allow_overwrite": null,
            "cidr_routing_policy": [],
            "failover_routing_policy": [],
            "fqdn": "naonao0522.click",
            "geolocation_routing_policy": [],
            "geoproximity_routing_policy": [],
            "health_check_id": "",
            "id": "Z05700241ZUQEXEB7T6G4_naonao0522.click_A",
            "latency_routing_policy": [],
            "multivalue_answer_routing_policy": false,
            "name": "naonao0522.click",
            "records": null,
            "set_identifier": "",
            "timeouts": null,
            "ttl": 0,
            "type": "A",
            "weighted_routing_policy": [],
            "zone_id": "Z05700241ZUQEXEB7T6G4"
          },
          "sensitive_attributes": [],
          "identity_schema_version": 0,
          "private": "eyJlMmJmYjczMC1lY2FhLTExZTYtOGY4OC0zNDM2M2JjN2M0YzAiOnsiY3JlYXRlIjoxODAwMDAwMDAwMDAwLCJkZWxldGUiOjE4MDAwMDAwMDAwMDAsInVwZGF0ZSI6MTgwMDAwMDAwMDAwMH0sInNjaGVtYV92ZXJzaW9uIjoiMiJ9",
          "dependencies": [
            "module.ec2.aws_lb.alb",
            "module.ec2.aws_route53_zone.hostzone",
            "module.ec2.aws_security_group.alb_sg",
            "module.vpc.aws_subnet.public_a_alb",
            "module.vpc.aws_subnet.public_c_alb",
            "module.vpc.aws_subnet.public_d_alb",
            "module.vpc.aws_vpc.vpc"
          ]
        }
      ]
    },
    {
      "module": "module.ec2",
      "mode": "managed",
      "type": "aws_route53_record",
      "name": "route53_acm_dns_resolve",
      "provider": "provider[\"registry.terraform.io/hashicorp/aws\"]",
      "instances": [
        {
          "index_key": "*.naonao0522.click",
          "schema_version": 2,
          "attributes": {
            "alias": [],
            "allow_overwrite": true,
            "cidr_routing_policy": [],
            "failover_routing_policy": [],
            "fqdn": "_75d267b9c8b2ece443d4dda4dbca5e6d.naonao0522.click",
            "geolocation_routing_policy": [],
            "geoproximity_routing_policy": [],
            "health_check_id": "",
            "id": "Z05700241ZUQEXEB7T6G4__75d267b9c8b2ece443d4dda4dbca5e6d.naonao0522.click._CNAME",
            "latency_routing_policy": [],
            "multivalue_answer_routing_policy": false,
            "name": "_75d267b9c8b2ece443d4dda4dbca5e6d.naonao0522.click",
            "records": [
              "_f06fad889078a97483c14b574ebd7ddf.xlfgrmvvlj.acm-validations.aws."
            ],
            "set_identifier": "",
            "timeouts": null,
            "ttl": 600,
            "type": "CNAME",
            "weighted_routing_policy": [],
            "zone_id": "Z05700241ZUQEXEB7T6G4"
          },
          "sensitive_attributes": [],
          "identity_schema_version": 0,
          "private": "eyJlMmJmYjczMC1lY2FhLTExZTYtOGY4OC0zNDM2M2JjN2M0YzAiOnsiY3JlYXRlIjoxODAwMDAwMDAwMDAwLCJkZWxldGUiOjE4MDAwMDAwMDAwMDAsInVwZGF0ZSI6MTgwMDAwMDAwMDAwMH0sInNjaGVtYV92ZXJzaW9uIjoiMiJ9",
          "dependencies": [
            "module.ec2.aws_acm_certificate.tokyo_cert",
            "module.ec2.aws_route53_zone.hostzone"
          ]
        },
        {
          "index_key": "naonao0522.click",
          "schema_version": 2,
          "attributes": {
            "alias": [],
            "allow_overwrite": true,
            "cidr_routing_policy": [],
            "failover_routing_policy": [],
            "fqdn": "_75d267b9c8b2ece443d4dda4dbca5e6d.naonao0522.click",
            "geolocation_routing_policy": [],
            "geoproximity_routing_policy": [],
            "health_check_id": "",
            "id": "Z05700241ZUQEXEB7T6G4__75d267b9c8b2ece443d4dda4dbca5e6d.naonao0522.click._CNAME",
            "latency_routing_policy": [],
            "multivalue_answer_routing_policy": false,
            "name": "_75d267b9c8b2ece443d4dda4dbca5e6d.naonao0522.click",
            "records": [
              "_f06fad889078a97483c14b574ebd7ddf.xlfgrmvvlj.acm-validations.aws."
            ],
            "set_identifier": "",
            "timeouts": null,
            "ttl": 600,
            "type": "CNAME",
            "weighted_routing_policy": [],
            "zone_id": "Z05700241ZUQEXEB7T6G4"
          },
          "sensitive_attributes": [],
          "identity_schema_version": 0,
          "private": "eyJlMmJmYjczMC1lY2FhLTExZTYtOGY4OC0zNDM2M2JjN2M0YzAiOnsiY3JlYXRlIjoxODAwMDAwMDAwMDAwLCJkZWxldGUiOjE4MDAwMDAwMDAwMDAsInVwZGF0ZSI6MTgwMDAwMDAwMDAwMH0sInNjaGVtYV92ZXJzaW9uIjoiMiJ9",
          "dependencies": [
            "module.ec2.aws_acm_certificate.tokyo_cert",
            "module.ec2.aws_route53_zone.hostzone"
          ]
        }
      ]
    },
    {
      "module": "module.ec2",
      "mode": "managed",
      "type": "aws_route53_zone",
      "name": "hostzone",
      "provider": "provider[\"registry.terraform.io/hashicorp/aws\"]",
      "instances": [
        {
          "schema_version": 0,
          "attributes": {
            "arn": "arn:aws:route53:::hostedzone/Z05700241ZUQEXEB7T6G4",
            "comment": "Managed by Terraform",
            "delegation_set_id": "",
            "force_destroy": false,
            "id": "Z05700241ZUQEXEB7T6G4",
            "name": "naonao0522.click",
            "name_servers": [
              "ns-1359.awsdns-41.org",
              "ns-2009.awsdns-59.co.uk",
              "ns-289.awsdns-36.com",
              "ns-914.awsdns-50.net"
            ],
            "primary_name_server": "ns-289.awsdns-36.com",
            "tags": null,
            "tags_all": {},
            "timeouts": null,
            "vpc": [],
            "zone_id": "Z05700241ZUQEXEB7T6G4"
          },
          "sensitive_attributes": [],
          "identity_schema_version": 0,
          "private": "eyJlMmJmYjczMC1lY2FhLTExZTYtOGY4OC0zNDM2M2JjN2M0YzAiOnsiY3JlYXRlIjoxODAwMDAwMDAwMDAwLCJkZWxldGUiOjE4MDAwMDAwMDAwMDAsInVwZGF0ZSI6MTgwMDAwMDAwMDAwMH19",
          "create_before_destroy": true
        }
      ]
    },
    {
      "module": "module.ec2",
      "mode": "managed",
      "type": "aws_security_group",
      "name": "alb_sg",
      "provider": "provider[\"registry.terraform.io/hashicorp/aws\"]",
      "instances": [
        {
          "schema_version": 1,
          "attributes": {
            "arn": "arn:aws:ec2:ap-northeast-1:442376921734:security-group/sg-0438178fb1a10dec5",
            "description": "Security group for VPC ALB",
            "egress": [
              {
                "cidr_blocks": [
                  "0.0.0.0/0"
                ],
                "description": "",
                "from_port": 0,
                "ipv6_cidr_blocks": [],
                "prefix_list_ids": [],
                "protocol": "-1",
                "security_groups": [],
                "self": false,
                "to_port": 0
              }
            ],
            "id": "sg-0438178fb1a10dec5",
            "ingress": [
              {
                "cidr_blocks": [
                  "0.0.0.0/0"
                ],
                "description": "",
                "from_port": 443,
                "ipv6_cidr_blocks": [],
                "prefix_list_ids": [],
                "protocol": "tcp",
                "security_groups": [],
                "self": false,
                "to_port": 443
              },
              {
                "cidr_blocks": [
                  "0.0.0.0/0"
                ],
                "description": "",
                "from_port": 80,
                "ipv6_cidr_blocks": [],
                "prefix_list_ids": [],
                "protocol": "tcp",
                "security_groups": [],
                "self": false,
                "to_port": 80
              }
            ],
            "name": "cheerpay-dev-alb-sg",
            "name_prefix": "",
            "owner_id": "442376921734",
            "revoke_rules_on_delete": false,
            "tags": {
              "Name": "cheerpay-dev-alb-sg"
            },
            "tags_all": {
              "Name": "cheerpay-dev-alb-sg"
            },
            "timeouts": null,
            "vpc_id": "vpc-0c055a6c20ab48fe9"
          },
          "sensitive_attributes": [],
          "identity_schema_version": 0,
          "private": "eyJlMmJmYjczMC1lY2FhLTExZTYtOGY4OC0zNDM2M2JjN2M0YzAiOnsiY3JlYXRlIjo2MDAwMDAwMDAwMDAsImRlbGV0ZSI6OTAwMDAwMDAwMDAwfSwic2NoZW1hX3ZlcnNpb24iOiIxIn0=",
          "dependencies": [
            "module.vpc.aws_vpc.vpc"
          ]
        }
      ]
    },
    {
      "module": "module.ecs",
      "mode": "managed",
      "type": "aws_ecs_cluster",
      "name": "fargate_cluster",
      "provider": "provider[\"registry.terraform.io/hashicorp/aws\"]",
      "instances": [
        {
          "schema_version": 0,
          "attributes": {
            "arn": "arn:aws:ecs:ap-northeast-1:442376921734:cluster/cheerpay-dev-cluster",
            "configuration": [],
            "id": "arn:aws:ecs:ap-northeast-1:442376921734:cluster/cheerpay-dev-cluster",
            "name": "cheerpay-dev-cluster",
            "service_connect_defaults": [],
            "setting": [
              {
                "name": "containerInsights",
                "value": "disabled"
              }
            ],
            "tags": null,
            "tags_all": {}
          },
          "sensitive_attributes": [],
          "identity_schema_version": 0,
          "private": "bnVsbA==",
          "dependencies": [
            "module.ec2.aws_acm_certificate.tokyo_cert",
            "module.ec2.aws_acm_certificate_validation.cert_valid",
            "module.ec2.aws_lb.alb",
            "module.ec2.aws_lb_listener.aws_listener_https",
            "module.ec2.aws_lb_listener.http",
            "module.ec2.aws_lb_listener_rule.ecs_rule",
            "module.ec2.aws_lb_target_group.ecs",
            "module.ec2.aws_route53_record.alb_alias",
            "module.ec2.aws_route53_record.route53_acm_dns_resolve",
            "module.ec2.aws_route53_zone.hostzone",
            "module.ec2.aws_security_group.alb_sg",
            "module.vpc.aws_subnet.public_a_alb",
            "module.vpc.aws_subnet.public_c_alb",
            "module.vpc.aws_subnet.public_d_alb",
            "module.vpc.aws_vpc.vpc"
          ]
        }
      ]
    },
    {
      "module": "module.ecs",
      "mode": "managed",
      "type": "aws_ecs_service",
      "name": "fargate_service",
      "provider": "provider[\"registry.terraform.io/hashicorp/aws\"]",
      "instances": [
        {
          "schema_version": 1,
          "attributes": {
            "alarms": [],
            "availability_zone_rebalancing": "DISABLED",
            "capacity_provider_strategy": [],
            "cluster": "arn:aws:ecs:ap-northeast-1:442376921734:cluster/cheerpay-dev-cluster",
            "deployment_circuit_breaker": [
              {
                "enable": false,
                "rollback": false
              }
            ],
            "deployment_controller": [
              {
                "type": "ECS"
              }
            ],
            "deployment_maximum_percent": 200,
            "deployment_minimum_healthy_percent": 100,
            "desired_count": 1,
            "enable_ecs_managed_tags": false,
            "enable_execute_command": true,
            "force_delete": null,
            "force_new_deployment": null,
            "health_check_grace_period_seconds": 0,
            "iam_role": "/aws-service-role/ecs.amazonaws.com/AWSServiceRoleForECS",
            "id": "arn:aws:ecs:ap-northeast-1:442376921734:service/cheerpay-dev-cluster/cheerpay-dev-fargate-service",
            "launch_type": "FARGATE",
            "load_balancer": [
              {
                "container_name": "app-container",
                "container_port": 80,
                "elb_name": "",
                "target_group_arn": "arn:aws:elasticloadbalancing:ap-northeast-1:442376921734:targetgroup/cheerpay-dev-tg/6b599e150cbce245"
              }
            ],
            "name": "cheerpay-dev-fargate-service",
            "network_configuration": [
              {
                "assign_public_ip": false,
                "security_groups": [
                  "sg-00884d5263bfc6032"
                ],
                "subnets": [
                  "subnet-046a87d656f3911d8",
                  "subnet-085d572d9e3f6f211"
                ]
              }
            ],
            "ordered_placement_strategy": [],
            "placement_constraints": [],
            "platform_version": "LATEST",
            "propagate_tags": "NONE",
            "scheduling_strategy": "REPLICA",
            "service_connect_configuration": [],
            "service_registries": [],
            "tags": null,
            "tags_all": {},
            "task_definition": "arn:aws:ecs:ap-northeast-1:442376921734:task-definition/cheerpay-dev-ecs-task-definition:49",
            "timeouts": null,
            "triggers": {},
            "volume_configuration": [],
            "vpc_lattice_configurations": [],
            "wait_for_steady_state": false
          },
          "sensitive_attributes": [],
          "identity_schema_version": 0,
          "private": "eyJlMmJmYjczMC1lY2FhLTExZTYtOGY4OC0zNDM2M2JjN2M0YzAiOnsiY3JlYXRlIjoxMjAwMDAwMDAwMDAwLCJkZWxldGUiOjEyMDAwMDAwMDAwMDAsInVwZGF0ZSI6MTIwMDAwMDAwMDAwMH0sInNjaGVtYV92ZXJzaW9uIjoiMSJ9",
          "dependencies": [
            "module.ec2.aws_acm_certificate.tokyo_cert",
            "module.ec2.aws_acm_certificate_validation.cert_valid",
            "module.ec2.aws_lb.alb",
            "module.ec2.aws_lb_listener.aws_listener_https",
            "module.ec2.aws_lb_listener.http",
            "module.ec2.aws_lb_listener_rule.ecs_rule",
            "module.ec2.aws_lb_target_group.ecs",
            "module.ec2.aws_route53_record.alb_alias",
            "module.ec2.aws_route53_record.route53_acm_dns_resolve",
            "module.ec2.aws_route53_zone.hostzone",
            "module.ec2.aws_security_group.alb_sg",
            "module.ecs.aws_ecs_cluster.fargate_cluster",
            "module.ecs.aws_ecs_task_definition.fargate_task",
            "module.ecs.aws_security_group.ecs_sg",
            "module.iam.aws_iam_role.ecs_task_execution_role",
            "module.iam.aws_iam_role.ecs_task_role",
            "module.vpc.aws_subnet.private_a_ecs",
            "module.vpc.aws_subnet.private_c_ecs",
            "module.vpc.aws_subnet.public_a_alb",
            "module.vpc.aws_subnet.public_c_alb",
            "module.vpc.aws_subnet.public_d_alb",
            "module.vpc.aws_vpc.vpc"
          ]
        }
      ]
    },
    {
      "module": "module.ecs",
      "mode": "managed",
      "type": "aws_ecs_task_definition",
      "name": "fargate_task",
      "provider": "provider[\"registry.terraform.io/hashicorp/aws\"]",
      "instances": [
        {
          "schema_version": 1,
          "attributes": {
            "arn": "arn:aws:ecs:ap-northeast-1:442376921734:task-definition/cheerpay-dev-ecs-task-definition:49",
            "arn_without_revision": "arn:aws:ecs:ap-northeast-1:442376921734:task-definition/cheerpay-dev-ecs-task-definition",
            "container_definitions": "[{\"environment\":[],\"essential\":true,\"image\":\"442376921734.dkr.ecr.ap-northeast-1.amazonaws.com/cheerpay-repo:latest\",\"logConfiguration\":{\"logDriver\":\"awslogs\",\"options\":{\"awslogs-group\":\"/aws/ecs/logs\",\"awslogs-region\":\"ap-northeast-1\",\"awslogs-stream-prefix\":\"ecs\"}},\"mountPoints\":[],\"name\":\"app-container\",\"portMappings\":[{\"containerPort\":80,\"hostPort\":80,\"protocol\":\"tcp\"}],\"systemControls\":[],\"volumesFrom\":[]}]",
            "cpu": "256",
            "enable_fault_injection": false,
            "ephemeral_storage": [],
            "execution_role_arn": "arn:aws:iam::442376921734:role/ecs-task-execution-role",
            "family": "cheerpay-dev-ecs-task-definition",
            "id": "cheerpay-dev-ecs-task-definition",
            "inference_accelerator": [],
            "ipc_mode": "",
            "memory": "512",
            "network_mode": "awsvpc",
            "pid_mode": "",
            "placement_constraints": [],
            "proxy_configuration": [],
            "requires_compatibilities": [
              "FARGATE"
            ],
            "revision": 49,
            "runtime_platform": [
              {
                "cpu_architecture": "X86_64",
                "operating_system_family": "LINUX"
              }
            ],
            "skip_destroy": false,
            "tags": {
              "Name": "cheerpay-dev-task"
            },
            "tags_all": {
              "Name": "cheerpay-dev-task"
            },
            "task_role_arn": "arn:aws:iam::442376921734:role/cheerpay-dev-task-role",
            "track_latest": false,
            "volume": []
          },
          "sensitive_attributes": [],
          "identity_schema_version": 0,
          "private": "eyJzY2hlbWFfdmVyc2lvbiI6IjEifQ==",
          "dependencies": [
            "module.ec2.aws_acm_certificate.tokyo_cert",
            "module.ec2.aws_acm_certificate_validation.cert_valid",
            "module.ec2.aws_lb.alb",
            "module.ec2.aws_lb_listener.aws_listener_https",
            "module.ec2.aws_lb_listener.http",
            "module.ec2.aws_lb_listener_rule.ecs_rule",
            "module.ec2.aws_lb_target_group.ecs",
            "module.ec2.aws_route53_record.alb_alias",
            "module.ec2.aws_route53_record.route53_acm_dns_resolve",
            "module.ec2.aws_route53_zone.hostzone",
            "module.ec2.aws_security_group.alb_sg",
            "module.iam.aws_iam_role.ecs_task_execution_role",
            "module.iam.aws_iam_role.ecs_task_role",
            "module.vpc.aws_subnet.public_a_alb",
            "module.vpc.aws_subnet.public_c_alb",
            "module.vpc.aws_subnet.public_d_alb",
            "module.vpc.aws_vpc.vpc"
          ]
        }
      ]
    },
    {
      "module": "module.ecs",
      "mode": "managed",
      "type": "aws_security_group",
      "name": "ecs_sg",
      "provider": "provider[\"registry.terraform.io/hashicorp/aws\"]",
      "instances": [
        {
          "schema_version": 1,
          "attributes": {
            "arn": "arn:aws:ec2:ap-northeast-1:442376921734:security-group/sg-00884d5263bfc6032",
            "description": "Security group for ECS",
            "egress": [
              {
                "cidr_blocks": [
                  "0.0.0.0/0"
                ],
                "description": "",
                "from_port": 0,
                "ipv6_cidr_blocks": [],
                "prefix_list_ids": [],
                "protocol": "-1",
                "security_groups": [],
                "self": false,
                "to_port": 0
              }
            ],
            "id": "sg-00884d5263bfc6032",
            "ingress": [
              {
                "cidr_blocks": [
                  "0.0.0.0/0"
                ],
                "description": "",
                "from_port": 443,
                "ipv6_cidr_blocks": [],
                "prefix_list_ids": [],
                "protocol": "tcp",
                "security_groups": [],
                "self": false,
                "to_port": 443
              },
              {
                "cidr_blocks": [
                  "0.0.0.0/0"
                ],
                "description": "",
                "from_port": 80,
                "ipv6_cidr_blocks": [],
                "prefix_list_ids": [],
                "protocol": "tcp",
                "security_groups": [],
                "self": false,
                "to_port": 80
              }
            ],
            "name": "cheerpay-dev-ecs-sg",
            "name_prefix": "",
            "owner_id": "442376921734",
            "revoke_rules_on_delete": false,
            "tags": {
              "Name": "cheerpay-dev-ecs-sg"
            },
            "tags_all": {
              "Name": "cheerpay-dev-ecs-sg"
            },
            "timeouts": null,
            "vpc_id": "vpc-0c055a6c20ab48fe9"
          },
          "sensitive_attributes": [],
          "identity_schema_version": 0,
          "private": "eyJlMmJmYjczMC1lY2FhLTExZTYtOGY4OC0zNDM2M2JjN2M0YzAiOnsiY3JlYXRlIjo2MDAwMDAwMDAwMDAsImRlbGV0ZSI6OTAwMDAwMDAwMDAwfSwic2NoZW1hX3ZlcnNpb24iOiIxIn0=",
          "dependencies": [
            "module.ec2.aws_acm_certificate.tokyo_cert",
            "module.ec2.aws_acm_certificate_validation.cert_valid",
            "module.ec2.aws_lb.alb",
            "module.ec2.aws_lb_listener.aws_listener_https",
            "module.ec2.aws_lb_listener.http",
            "module.ec2.aws_lb_listener_rule.ecs_rule",
            "module.ec2.aws_lb_target_group.ecs",
            "module.ec2.aws_route53_record.alb_alias",
            "module.ec2.aws_route53_record.route53_acm_dns_resolve",
            "module.ec2.aws_route53_zone.hostzone",
            "module.ec2.aws_security_group.alb_sg",
            "module.vpc.aws_subnet.public_a_alb",
            "module.vpc.aws_subnet.public_c_alb",
            "module.vpc.aws_subnet.public_d_alb",
            "module.vpc.aws_vpc.vpc"
          ]
        }
      ]
    },
    {
      "module": "module.iam",
      "mode": "managed",
      "type": "aws_iam_role",
      "name": "ecs_task_execution_role",
      "provider": "provider[\"registry.terraform.io/hashicorp/aws\"]",
      "instances": [
        {
          "schema_version": 0,
          "attributes": {
            "arn": "arn:aws:iam::442376921734:role/ecs-task-execution-role",
            "assume_role_policy": "{\"Statement\":[{\"Action\":\"sts:AssumeRole\",\"Effect\":\"Allow\",\"Principal\":{\"Service\":\"ecs-tasks.amazonaws.com\"}}],\"Version\":\"2012-10-17\"}",
            "create_date": "2025-07-17T05:49:59Z",
            "description": "",
            "force_detach_policies": false,
            "id": "ecs-task-execution-role",
            "inline_policy": [],
            "managed_policy_arns": [],
            "max_session_duration": 3600,
            "name": "ecs-task-execution-role",
            "name_prefix": "",
            "path": "/",
            "permissions_boundary": "",
            "tags": null,
            "tags_all": {},
            "unique_id": "AROAWN75YEKDNPHELNT4T"
          },
          "sensitive_attributes": [],
          "identity_schema_version": 0,
          "private": "bnVsbA=="
        }
      ]
    },
    {
      "module": "module.iam",
      "mode": "managed",
      "type": "aws_iam_role",
      "name": "ecs_task_role",
      "provider": "provider[\"registry.terraform.io/hashicorp/aws\"]",
      "instances": [
        {
          "schema_version": 0,
          "attributes": {
            "arn": "arn:aws:iam::442376921734:role/cheerpay-dev-task-role",
            "assume_role_policy": "{\"Statement\":[{\"Action\":\"sts:AssumeRole\",\"Effect\":\"Allow\",\"Principal\":{\"Service\":\"ecs-tasks.amazonaws.com\"},\"Sid\":\"\"}],\"Version\":\"2012-10-17\"}",
            "create_date": "2025-07-17T05:49:59Z",
            "description": "",
            "force_detach_policies": false,
            "id": "cheerpay-dev-task-role",
            "inline_policy": [],
            "managed_policy_arns": [],
            "max_session_duration": 3600,
            "name": "cheerpay-dev-task-role",
            "name_prefix": "",
            "path": "/",
            "permissions_boundary": "",
            "tags": null,
            "tags_all": {},
            "unique_id": "AROAWN75YEKDERFCANY33"
          },
          "sensitive_attributes": [],
          "identity_schema_version": 0,
          "private": "bnVsbA=="
        }
      ]
    },
    {
      "module": "module.iam",
      "mode": "managed",
      "type": "aws_iam_role_policy",
      "name": "ecs_task_role",
      "provider": "provider[\"registry.terraform.io/hashicorp/aws\"]",
      "instances": [
        {
          "schema_version": 0,
          "attributes": {
            "id": "cheerpay-dev-task-role:cheerpay-dev-task-policy",
            "name": "cheerpay-dev-task-policy",
            "name_prefix": "",
            "policy": "{\"Version\":\"2012-10-17\",\"Statement\":[{\"Action\":[\"ssmmessages:CreateControlChannel\",\"ssmmessages:CreateDataChannel\",\"ssmmessages:OpenControlChannel\",\"ssmmessages:OpenDataChannel\"],\"Effect\":\"Allow\",\"Resource\":\"*\"}]}",
            "role": "cheerpay-dev-task-role"
          },
          "sensitive_attributes": [],
          "identity_schema_version": 0,
          "private": "bnVsbA==",
          "dependencies": [
            "module.iam.aws_iam_role.ecs_task_role"
          ]
        }
      ]
    },
    {
      "module": "module.iam",
      "mode": "managed",
      "type": "aws_iam_role_policy_attachment",
      "name": "ecs_ecr_readonly_policy",
      "provider": "provider[\"registry.terraform.io/hashicorp/aws\"]",
      "instances": [
        {
          "schema_version": 0,
          "attributes": {
            "id": "ecs-task-execution-role-20250717055001651000000002",
            "policy_arn": "arn:aws:iam::aws:policy/AmazonEC2ContainerRegistryReadOnly",
            "role": "ecs-task-execution-role"
          },
          "sensitive_attributes": [],
          "identity_schema_version": 0,
          "private": "bnVsbA==",
          "dependencies": [
            "module.iam.aws_iam_role.ecs_task_execution_role"
          ]
        }
      ]
    },
    {
      "module": "module.iam",
      "mode": "managed",
      "type": "aws_iam_role_policy_attachment",
      "name": "ecs_execution_ssm",
      "provider": "provider[\"registry.terraform.io/hashicorp/aws\"]",
      "instances": [
        {
          "schema_version": 0,
          "attributes": {
            "id": "ecs-task-execution-role-20250717055001969000000004",
            "policy_arn": "arn:aws:iam::aws:policy/AmazonSSMManagedInstanceCore",
            "role": "ecs-task-execution-role"
          },
          "sensitive_attributes": [],
          "identity_schema_version": 0,
          "private": "bnVsbA==",
          "dependencies": [
            "module.iam.aws_iam_role.ecs_task_execution_role"
          ]
        }
      ]
    },
    {
      "module": "module.iam",
      "mode": "managed",
      "type": "aws_iam_role_policy_attachment",
      "name": "ecs_task_execution_role_policy",
      "provider": "provider[\"registry.terraform.io/hashicorp/aws\"]",
      "instances": [
        {
          "schema_version": 0,
          "attributes": {
            "id": "ecs-task-execution-role-20250717055001652400000003",
            "policy_arn": "arn:aws:iam::aws:policy/service-role/AmazonECSTaskExecutionRolePolicy",
            "role": "ecs-task-execution-role"
          },
          "sensitive_attributes": [],
          "identity_schema_version": 0,
          "private": "bnVsbA==",
          "dependencies": [
            "module.iam.aws_iam_role.ecs_task_execution_role"
          ]
        }
      ]
    },
    {
      "module": "module.vpc",
      "mode": "managed",
      "type": "aws_internet_gateway",
      "name": "igw",
      "provider": "provider[\"registry.terraform.io/hashicorp/aws\"]",
      "instances": [
        {
          "schema_version": 0,
          "attributes": {
            "arn": "arn:aws:ec2:ap-northeast-1:442376921734:internet-gateway/igw-0db1e26e36e47e5c7",
            "id": "igw-0db1e26e36e47e5c7",
            "owner_id": "442376921734",
            "tags": {
              "Name": "cheerpay-dev-igw"
            },
            "tags_all": {
              "Name": "cheerpay-dev-igw"
            },
            "timeouts": null,
            "vpc_id": "vpc-0c055a6c20ab48fe9"
          },
          "sensitive_attributes": [],
          "identity_schema_version": 0,
          "private": "eyJlMmJmYjczMC1lY2FhLTExZTYtOGY4OC0zNDM2M2JjN2M0YzAiOnsiY3JlYXRlIjoxMjAwMDAwMDAwMDAwLCJkZWxldGUiOjEyMDAwMDAwMDAwMDAsInVwZGF0ZSI6MTIwMDAwMDAwMDAwMH19",
          "dependencies": [
            "module.vpc.aws_vpc.vpc"
          ]
        }
      ]
    },
    {
      "module": "module.vpc",
      "mode": "managed",
      "type": "aws_route",
      "name": "public_a",
      "provider": "provider[\"registry.terraform.io/hashicorp/aws\"]",
      "instances": [
        {
          "schema_version": 0,
          "attributes": {
            "carrier_gateway_id": "",
            "core_network_arn": "",
            "destination_cidr_block": "0.0.0.0/0",
            "destination_ipv6_cidr_block": "",
            "destination_prefix_list_id": "",
            "egress_only_gateway_id": "",
            "gateway_id": "igw-0db1e26e36e47e5c7",
            "id": "r-rtb-0589f3bf95e39b6111080289494",
            "instance_id": "",
            "instance_owner_id": "",
            "local_gateway_id": "",
            "nat_gateway_id": "",
            "network_interface_id": "",
            "origin": "CreateRoute",
            "route_table_id": "rtb-0589f3bf95e39b611",
            "state": "active",
            "timeouts": null,
            "transit_gateway_id": "",
            "vpc_endpoint_id": "",
            "vpc_peering_connection_id": ""
          },
          "sensitive_attributes": [],
          "identity_schema_version": 0,
          "private": "eyJlMmJmYjczMC1lY2FhLTExZTYtOGY4OC0zNDM2M2JjN2M0YzAiOnsiY3JlYXRlIjozMDAwMDAwMDAwMDAsImRlbGV0ZSI6MzAwMDAwMDAwMDAwLCJ1cGRhdGUiOjEyMDAwMDAwMDAwMH19",
          "dependencies": [
            "module.vpc.aws_internet_gateway.igw",
            "module.vpc.aws_route_table.public",
            "module.vpc.aws_vpc.vpc"
          ]
        }
      ]
    },
    {
      "module": "module.vpc",
      "mode": "managed",
      "type": "aws_route_table",
      "name": "private_rt_ecs",
      "provider": "provider[\"registry.terraform.io/hashicorp/aws\"]",
      "instances": [
        {
          "schema_version": 0,
          "attributes": {
            "arn": "arn:aws:ec2:ap-northeast-1:442376921734:route-table/rtb-0a44cf8713630090b",
            "id": "rtb-0a44cf8713630090b",
            "owner_id": "442376921734",
            "propagating_vgws": [],
            "route": [],
            "tags": {
              "Name": "cheerpay-dev-pri-ecs-rt"
            },
            "tags_all": {
              "Name": "cheerpay-dev-pri-ecs-rt"
            },
            "timeouts": null,
            "vpc_id": "vpc-0c055a6c20ab48fe9"
          },
          "sensitive_attributes": [],
          "identity_schema_version": 0,
          "private": "eyJlMmJmYjczMC1lY2FhLTExZTYtOGY4OC0zNDM2M2JjN2M0YzAiOnsiY3JlYXRlIjozMDAwMDAwMDAwMDAsImRlbGV0ZSI6MzAwMDAwMDAwMDAwLCJ1cGRhdGUiOjEyMDAwMDAwMDAwMH19",
          "dependencies": [
            "module.vpc.aws_vpc.vpc"
          ]
        }
      ]
    },
    {
      "module": "module.vpc",
      "mode": "managed",
      "type": "aws_route_table",
      "name": "public",
      "provider": "provider[\"registry.terraform.io/hashicorp/aws\"]",
      "instances": [
        {
          "schema_version": 0,
          "attributes": {
            "arn": "arn:aws:ec2:ap-northeast-1:442376921734:route-table/rtb-0589f3bf95e39b611",
            "id": "rtb-0589f3bf95e39b611",
            "owner_id": "442376921734",
            "propagating_vgws": [],
            "route": [],
            "tags": {
              "Name": "cheerpay-dev-pub-alb-rt"
            },
            "tags_all": {
              "Name": "cheerpay-dev-pub-alb-rt"
            },
            "timeouts": null,
            "vpc_id": "vpc-0c055a6c20ab48fe9"
          },
          "sensitive_attributes": [],
          "identity_schema_version": 0,
          "private": "eyJlMmJmYjczMC1lY2FhLTExZTYtOGY4OC0zNDM2M2JjN2M0YzAiOnsiY3JlYXRlIjozMDAwMDAwMDAwMDAsImRlbGV0ZSI6MzAwMDAwMDAwMDAwLCJ1cGRhdGUiOjEyMDAwMDAwMDAwMH19",
          "dependencies": [
            "module.vpc.aws_vpc.vpc"
          ]
        }
      ]
    },
    {
      "module": "module.vpc",
      "mode": "managed",
      "type": "aws_route_table",
      "name": "public_ng",
      "provider": "provider[\"registry.terraform.io/hashicorp/aws\"]",
      "instances": [
        {
          "schema_version": 0,
          "attributes": {
            "arn": "arn:aws:ec2:ap-northeast-1:442376921734:route-table/rtb-03f9b5be64ae47d5d",
            "id": "rtb-03f9b5be64ae47d5d",
            "owner_id": "442376921734",
            "propagating_vgws": [],
            "route": [],
            "tags": {
              "Name": "cheerpay-dev-pub-ng-rt"
            },
            "tags_all": {
              "Name": "cheerpay-dev-pub-ng-rt"
            },
            "timeouts": null,
            "vpc_id": "vpc-0c055a6c20ab48fe9"
          },
          "sensitive_attributes": [],
          "identity_schema_version": 0,
          "private": "eyJlMmJmYjczMC1lY2FhLTExZTYtOGY4OC0zNDM2M2JjN2M0YzAiOnsiY3JlYXRlIjozMDAwMDAwMDAwMDAsImRlbGV0ZSI6MzAwMDAwMDAwMDAwLCJ1cGRhdGUiOjEyMDAwMDAwMDAwMH19",
          "dependencies": [
            "module.vpc.aws_vpc.vpc"
          ]
        }
      ]
    },
    {
      "module": "module.vpc",
      "mode": "managed",
      "type": "aws_route_table_association",
      "name": "private_a",
      "provider": "provider[\"registry.terraform.io/hashicorp/aws\"]",
      "instances": [
        {
          "schema_version": 0,
          "attributes": {
            "gateway_id": "",
            "id": "rtbassoc-0a85b0d04799b9317",
            "route_table_id": "rtb-0a44cf8713630090b",
            "subnet_id": "subnet-085d572d9e3f6f211",
            "timeouts": null
          },
          "sensitive_attributes": [],
          "identity_schema_version": 0,
          "private": "eyJlMmJmYjczMC1lY2FhLTExZTYtOGY4OC0zNDM2M2JjN2M0YzAiOnsiY3JlYXRlIjozMDAwMDAwMDAwMDAsImRlbGV0ZSI6MzAwMDAwMDAwMDAwLCJ1cGRhdGUiOjEyMDAwMDAwMDAwMH19",
          "dependencies": [
            "module.vpc.aws_route_table.private_rt_ecs",
            "module.vpc.aws_subnet.private_a_ecs",
            "module.vpc.aws_vpc.vpc"
          ]
        }
      ]
    },
    {
      "module": "module.vpc",
      "mode": "managed",
      "type": "aws_route_table_association",
      "name": "private_c",
      "provider": "provider[\"registry.terraform.io/hashicorp/aws\"]",
      "instances": [
        {
          "schema_version": 0,
          "attributes": {
            "gateway_id": "",
            "id": "rtbassoc-0f28372e9d6f9edfb",
            "route_table_id": "rtb-0a44cf8713630090b",
            "subnet_id": "subnet-046a87d656f3911d8",
            "timeouts": null
          },
          "sensitive_attributes": [],
          "identity_schema_version": 0,
          "private": "eyJlMmJmYjczMC1lY2FhLTExZTYtOGY4OC0zNDM2M2JjN2M0YzAiOnsiY3JlYXRlIjozMDAwMDAwMDAwMDAsImRlbGV0ZSI6MzAwMDAwMDAwMDAwLCJ1cGRhdGUiOjEyMDAwMDAwMDAwMH19",
          "dependencies": [
            "module.vpc.aws_route_table.private_rt_ecs",
            "module.vpc.aws_subnet.private_c_ecs",
            "module.vpc.aws_vpc.vpc"
          ]
        }
      ]
    },
    {
      "module": "module.vpc",
      "mode": "managed",
      "type": "aws_route_table_association",
      "name": "public_a",
      "provider": "provider[\"registry.terraform.io/hashicorp/aws\"]",
      "instances": [
        {
          "schema_version": 0,
          "attributes": {
            "gateway_id": "",
            "id": "rtbassoc-0797c870dc9b5c339",
            "route_table_id": "rtb-0589f3bf95e39b611",
            "subnet_id": "subnet-02e03be6a60334e24",
            "timeouts": null
          },
          "sensitive_attributes": [],
          "identity_schema_version": 0,
          "private": "eyJlMmJmYjczMC1lY2FhLTExZTYtOGY4OC0zNDM2M2JjN2M0YzAiOnsiY3JlYXRlIjozMDAwMDAwMDAwMDAsImRlbGV0ZSI6MzAwMDAwMDAwMDAwLCJ1cGRhdGUiOjEyMDAwMDAwMDAwMH19",
          "dependencies": [
            "module.vpc.aws_route_table.public",
            "module.vpc.aws_subnet.public_a_alb",
            "module.vpc.aws_vpc.vpc"
          ]
        }
      ]
    },
    {
      "module": "module.vpc",
      "mode": "managed",
      "type": "aws_route_table_association",
      "name": "public_c",
      "provider": "provider[\"registry.terraform.io/hashicorp/aws\"]",
      "instances": [
        {
          "schema_version": 0,
          "attributes": {
            "gateway_id": "",
            "id": "rtbassoc-063366786bf5c5655",
            "route_table_id": "rtb-0589f3bf95e39b611",
            "subnet_id": "subnet-05beb3cd3d6c4de69",
            "timeouts": null
          },
          "sensitive_attributes": [],
          "identity_schema_version": 0,
          "private": "eyJlMmJmYjczMC1lY2FhLTExZTYtOGY4OC0zNDM2M2JjN2M0YzAiOnsiY3JlYXRlIjozMDAwMDAwMDAwMDAsImRlbGV0ZSI6MzAwMDAwMDAwMDAwLCJ1cGRhdGUiOjEyMDAwMDAwMDAwMH19",
          "dependencies": [
            "module.vpc.aws_route_table.public",
            "module.vpc.aws_subnet.public_c_alb",
            "module.vpc.aws_vpc.vpc"
          ]
        }
      ]
    },
    {
      "module": "module.vpc",
      "mode": "managed",
      "type": "aws_route_table_association",
      "name": "public_d",
      "provider": "provider[\"registry.terraform.io/hashicorp/aws\"]",
      "instances": [
        {
          "schema_version": 0,
          "attributes": {
            "gateway_id": "",
            "id": "rtbassoc-0fce79743a0740bba",
            "route_table_id": "rtb-0589f3bf95e39b611",
            "subnet_id": "subnet-014a1404cdaa329ed",
            "timeouts": null
          },
          "sensitive_attributes": [],
          "identity_schema_version": 0,
          "private": "eyJlMmJmYjczMC1lY2FhLTExZTYtOGY4OC0zNDM2M2JjN2M0YzAiOnsiY3JlYXRlIjozMDAwMDAwMDAwMDAsImRlbGV0ZSI6MzAwMDAwMDAwMDAwLCJ1cGRhdGUiOjEyMDAwMDAwMDAwMH19",
          "dependencies": [
            "module.vpc.aws_route_table.public",
            "module.vpc.aws_subnet.public_d_alb",
            "module.vpc.aws_vpc.vpc"
          ]
        }
      ]
    },
    {
      "module": "module.vpc",
      "mode": "managed",
      "type": "aws_security_group",
      "name": "vpc_endpoint_sg",
      "provider": "provider[\"registry.terraform.io/hashicorp/aws\"]",
      "instances": [
        {
          "schema_version": 1,
          "attributes": {
            "arn": "arn:aws:ec2:ap-northeast-1:442376921734:security-group/sg-02faa64247e261ab3",
            "description": "Security group for VPC Endpoints",
            "egress": [
              {
                "cidr_blocks": [
                  "0.0.0.0/0"
                ],
                "description": "",
                "from_port": 0,
                "ipv6_cidr_blocks": [],
                "prefix_list_ids": [],
                "protocol": "-1",
                "security_groups": [],
                "self": false,
                "to_port": 0
              }
            ],
            "id": "sg-02faa64247e261ab3",
            "ingress": [
              {
                "cidr_blocks": [
                  "10.0.0.0/16"
                ],
                "description": "",
                "from_port": 443,
                "ipv6_cidr_blocks": [],
                "prefix_list_ids": [],
                "protocol": "tcp",
                "security_groups": [],
                "self": false,
                "to_port": 443
              }
            ],
            "name": "cheerpay-dev-vpce-sg",
            "name_prefix": "",
            "owner_id": "442376921734",
            "revoke_rules_on_delete": false,
            "tags": {
              "Name": "cheerpay-dev-vpce-sg"
            },
            "tags_all": {
              "Name": "cheerpay-dev-vpce-sg"
            },
            "timeouts": null,
            "vpc_id": "vpc-0c055a6c20ab48fe9"
          },
          "sensitive_attributes": [],
          "identity_schema_version": 0,
          "private": "eyJlMmJmYjczMC1lY2FhLTExZTYtOGY4OC0zNDM2M2JjN2M0YzAiOnsiY3JlYXRlIjo2MDAwMDAwMDAwMDAsImRlbGV0ZSI6OTAwMDAwMDAwMDAwfSwic2NoZW1hX3ZlcnNpb24iOiIxIn0=",
          "dependencies": [
            "module.vpc.aws_vpc.vpc"
          ]
        }
      ]
    },
    {
      "module": "module.vpc",
      "mode": "managed",
      "type": "aws_subnet",
      "name": "private_a_ecs",
      "provider": "provider[\"registry.terraform.io/hashicorp/aws\"]",
      "instances": [
        {
          "schema_version": 1,
          "attributes": {
            "arn": "arn:aws:ec2:ap-northeast-1:442376921734:subnet/subnet-085d572d9e3f6f211",
            "assign_ipv6_address_on_creation": false,
            "availability_zone": "ap-northeast-1a",
            "availability_zone_id": "apne1-az4",
            "cidr_block": "10.0.5.0/24",
            "customer_owned_ipv4_pool": "",
            "enable_dns64": false,
            "enable_lni_at_device_index": 0,
            "enable_resource_name_dns_a_record_on_launch": false,
            "enable_resource_name_dns_aaaa_record_on_launch": false,
            "id": "subnet-085d572d9e3f6f211",
            "ipv6_cidr_block": "",
            "ipv6_cidr_block_association_id": "",
            "ipv6_native": false,
            "map_customer_owned_ip_on_launch": false,
            "map_public_ip_on_launch": false,
            "outpost_arn": "",
            "owner_id": "442376921734",
            "private_dns_hostname_type_on_launch": "ip-name",
            "tags": {
              "Name": "cheerpay-dev-pri-a-ecs"
            },
            "tags_all": {
              "Name": "cheerpay-dev-pri-a-ecs"
            },
            "timeouts": null,
            "vpc_id": "vpc-0c055a6c20ab48fe9"
          },
          "sensitive_attributes": [],
          "identity_schema_version": 0,
          "private": "eyJlMmJmYjczMC1lY2FhLTExZTYtOGY4OC0zNDM2M2JjN2M0YzAiOnsiY3JlYXRlIjo2MDAwMDAwMDAwMDAsImRlbGV0ZSI6MTIwMDAwMDAwMDAwMH0sInNjaGVtYV92ZXJzaW9uIjoiMSJ9",
          "dependencies": [
            "module.vpc.aws_vpc.vpc"
          ]
        }
      ]
    },
    {
      "module": "module.vpc",
      "mode": "managed",
      "type": "aws_subnet",
      "name": "private_c_ecs",
      "provider": "provider[\"registry.terraform.io/hashicorp/aws\"]",
      "instances": [
        {
          "schema_version": 1,
          "attributes": {
            "arn": "arn:aws:ec2:ap-northeast-1:442376921734:subnet/subnet-046a87d656f3911d8",
            "assign_ipv6_address_on_creation": false,
            "availability_zone": "ap-northeast-1c",
            "availability_zone_id": "apne1-az1",
            "cidr_block": "10.0.6.0/24",
            "customer_owned_ipv4_pool": "",
            "enable_dns64": false,
            "enable_lni_at_device_index": 0,
            "enable_resource_name_dns_a_record_on_launch": false,
            "enable_resource_name_dns_aaaa_record_on_launch": false,
            "id": "subnet-046a87d656f3911d8",
            "ipv6_cidr_block": "",
            "ipv6_cidr_block_association_id": "",
            "ipv6_native": false,
            "map_customer_owned_ip_on_launch": false,
            "map_public_ip_on_launch": false,
            "outpost_arn": "",
            "owner_id": "442376921734",
            "private_dns_hostname_type_on_launch": "ip-name",
            "tags": {
              "Name": "cheerpay-dev-pri-c-ecs"
            },
            "tags_all": {
              "Name": "cheerpay-dev-pri-c-ecs"
            },
            "timeouts": null,
            "vpc_id": "vpc-0c055a6c20ab48fe9"
          },
          "sensitive_attributes": [],
          "identity_schema_version": 0,
          "private": "eyJlMmJmYjczMC1lY2FhLTExZTYtOGY4OC0zNDM2M2JjN2M0YzAiOnsiY3JlYXRlIjo2MDAwMDAwMDAwMDAsImRlbGV0ZSI6MTIwMDAwMDAwMDAwMH0sInNjaGVtYV92ZXJzaW9uIjoiMSJ9",
          "dependencies": [
            "module.vpc.aws_vpc.vpc"
          ]
        }
      ]
    },
    {
      "module": "module.vpc",
      "mode": "managed",
      "type": "aws_subnet",
      "name": "public_a_alb",
      "provider": "provider[\"registry.terraform.io/hashicorp/aws\"]",
      "instances": [
        {
          "schema_version": 1,
          "attributes": {
            "arn": "arn:aws:ec2:ap-northeast-1:442376921734:subnet/subnet-02e03be6a60334e24",
            "assign_ipv6_address_on_creation": false,
            "availability_zone": "ap-northeast-1a",
            "availability_zone_id": "apne1-az4",
            "cidr_block": "10.0.1.0/24",
            "customer_owned_ipv4_pool": "",
            "enable_dns64": false,
            "enable_lni_at_device_index": 0,
            "enable_resource_name_dns_a_record_on_launch": false,
            "enable_resource_name_dns_aaaa_record_on_launch": false,
            "id": "subnet-02e03be6a60334e24",
            "ipv6_cidr_block": "",
            "ipv6_cidr_block_association_id": "",
            "ipv6_native": false,
            "map_customer_owned_ip_on_launch": false,
            "map_public_ip_on_launch": true,
            "outpost_arn": "",
            "owner_id": "442376921734",
            "private_dns_hostname_type_on_launch": "ip-name",
            "tags": {
              "Name": "cheerpay-dev-pub-a-alb"
            },
            "tags_all": {
              "Name": "cheerpay-dev-pub-a-alb"
            },
            "timeouts": null,
            "vpc_id": "vpc-0c055a6c20ab48fe9"
          },
          "sensitive_attributes": [],
          "identity_schema_version": 0,
          "private": "eyJlMmJmYjczMC1lY2FhLTExZTYtOGY4OC0zNDM2M2JjN2M0YzAiOnsiY3JlYXRlIjo2MDAwMDAwMDAwMDAsImRlbGV0ZSI6MTIwMDAwMDAwMDAwMH0sInNjaGVtYV92ZXJzaW9uIjoiMSJ9",
          "dependencies": [
            "module.vpc.aws_vpc.vpc"
          ]
        }
      ]
    },
    {
      "module": "module.vpc",
      "mode": "managed",
      "type": "aws_subnet",
      "name": "public_a_ng",
      "provider": "provider[\"registry.terraform.io/hashicorp/aws\"]",
      "instances": [
        {
          "schema_version": 1,
          "attributes": {
            "arn": "arn:aws:ec2:ap-northeast-1:442376921734:subnet/subnet-06a0b0613d5c3e126",
            "assign_ipv6_address_on_creation": false,
            "availability_zone": "ap-northeast-1a",
            "availability_zone_id": "apne1-az4",
            "cidr_block": "10.0.4.0/24",
            "customer_owned_ipv4_pool": "",
            "enable_dns64": false,
            "enable_lni_at_device_index": 0,
            "enable_resource_name_dns_a_record_on_launch": false,
            "enable_resource_name_dns_aaaa_record_on_launch": false,
            "id": "subnet-06a0b0613d5c3e126",
            "ipv6_cidr_block": "",
            "ipv6_cidr_block_association_id": "",
            "ipv6_native": false,
            "map_customer_owned_ip_on_launch": false,
            "map_public_ip_on_launch": false,
            "outpost_arn": "",
            "owner_id": "442376921734",
            "private_dns_hostname_type_on_launch": "ip-name",
            "tags": {
              "Name": "cheerpay-dev-pub-a-ng"
            },
            "tags_all": {
              "Name": "cheerpay-dev-pub-a-ng"
            },
            "timeouts": null,
            "vpc_id": "vpc-0c055a6c20ab48fe9"
          },
          "sensitive_attributes": [],
          "identity_schema_version": 0,
          "private": "eyJlMmJmYjczMC1lY2FhLTExZTYtOGY4OC0zNDM2M2JjN2M0YzAiOnsiY3JlYXRlIjo2MDAwMDAwMDAwMDAsImRlbGV0ZSI6MTIwMDAwMDAwMDAwMH0sInNjaGVtYV92ZXJzaW9uIjoiMSJ9",
          "dependencies": [
            "module.vpc.aws_vpc.vpc"
          ]
        }
      ]
    },
    {
      "module": "module.vpc",
      "mode": "managed",
      "type": "aws_subnet",
      "name": "public_c_alb",
      "provider": "provider[\"registry.terraform.io/hashicorp/aws\"]",
      "instances": [
        {
          "schema_version": 1,
          "attributes": {
            "arn": "arn:aws:ec2:ap-northeast-1:442376921734:subnet/subnet-05beb3cd3d6c4de69",
            "assign_ipv6_address_on_creation": false,
            "availability_zone": "ap-northeast-1c",
            "availability_zone_id": "apne1-az1",
            "cidr_block": "10.0.2.0/24",
            "customer_owned_ipv4_pool": "",
            "enable_dns64": false,
            "enable_lni_at_device_index": 0,
            "enable_resource_name_dns_a_record_on_launch": false,
            "enable_resource_name_dns_aaaa_record_on_launch": false,
            "id": "subnet-05beb3cd3d6c4de69",
            "ipv6_cidr_block": "",
            "ipv6_cidr_block_association_id": "",
            "ipv6_native": false,
            "map_customer_owned_ip_on_launch": false,
            "map_public_ip_on_launch": true,
            "outpost_arn": "",
            "owner_id": "442376921734",
            "private_dns_hostname_type_on_launch": "ip-name",
            "tags": {
              "Name": "cheerpay-dev-pub-c-alb"
            },
            "tags_all": {
              "Name": "cheerpay-dev-pub-c-alb"
            },
            "timeouts": null,
            "vpc_id": "vpc-0c055a6c20ab48fe9"
          },
          "sensitive_attributes": [],
          "identity_schema_version": 0,
          "private": "eyJlMmJmYjczMC1lY2FhLTExZTYtOGY4OC0zNDM2M2JjN2M0YzAiOnsiY3JlYXRlIjo2MDAwMDAwMDAwMDAsImRlbGV0ZSI6MTIwMDAwMDAwMDAwMH0sInNjaGVtYV92ZXJzaW9uIjoiMSJ9",
          "dependencies": [
            "module.vpc.aws_vpc.vpc"
          ]
        }
      ]
    },
    {
      "module": "module.vpc",
      "mode": "managed",
      "type": "aws_subnet",
      "name": "public_d_alb",
      "provider": "provider[\"registry.terraform.io/hashicorp/aws\"]",
      "instances": [
        {
          "schema_version": 1,
          "attributes": {
            "arn": "arn:aws:ec2:ap-northeast-1:442376921734:subnet/subnet-014a1404cdaa329ed",
            "assign_ipv6_address_on_creation": false,
            "availability_zone": "ap-northeast-1d",
            "availability_zone_id": "apne1-az2",
            "cidr_block": "10.0.3.0/24",
            "customer_owned_ipv4_pool": "",
            "enable_dns64": false,
            "enable_lni_at_device_index": 0,
            "enable_resource_name_dns_a_record_on_launch": false,
            "enable_resource_name_dns_aaaa_record_on_launch": false,
            "id": "subnet-014a1404cdaa329ed",
            "ipv6_cidr_block": "",
            "ipv6_cidr_block_association_id": "",
            "ipv6_native": false,
            "map_customer_owned_ip_on_launch": false,
            "map_public_ip_on_launch": false,
            "outpost_arn": "",
            "owner_id": "442376921734",
            "private_dns_hostname_type_on_launch": "ip-name",
            "tags": {
              "Name": "cheerpay-dev-pub-d-alb"
            },
            "tags_all": {
              "Name": "cheerpay-dev-pub-d-alb"
            },
            "timeouts": null,
            "vpc_id": "vpc-0c055a6c20ab48fe9"
          },
          "sensitive_attributes": [],
          "identity_schema_version": 0,
          "private": "eyJlMmJmYjczMC1lY2FhLTExZTYtOGY4OC0zNDM2M2JjN2M0YzAiOnsiY3JlYXRlIjo2MDAwMDAwMDAwMDAsImRlbGV0ZSI6MTIwMDAwMDAwMDAwMH0sInNjaGVtYV92ZXJzaW9uIjoiMSJ9",
          "dependencies": [
            "module.vpc.aws_vpc.vpc"
          ]
        }
      ]
    },
    {
      "module": "module.vpc",
      "mode": "managed",
      "type": "aws_vpc",
      "name": "vpc",
      "provider": "provider[\"registry.terraform.io/hashicorp/aws\"]",
      "instances": [
        {
          "schema_version": 1,
          "attributes": {
            "arn": "arn:aws:ec2:ap-northeast-1:442376921734:vpc/vpc-0c055a6c20ab48fe9",
            "assign_generated_ipv6_cidr_block": false,
            "cidr_block": "10.0.0.0/16",
            "default_network_acl_id": "acl-08215e15abbfef4bc",
            "default_route_table_id": "rtb-0128c54c40e5dadd8",
            "default_security_group_id": "sg-010a2529e902bb67e",
            "dhcp_options_id": "dopt-6c55050b",
            "enable_dns_hostnames": true,
            "enable_dns_support": true,
            "enable_network_address_usage_metrics": false,
            "id": "vpc-0c055a6c20ab48fe9",
            "instance_tenancy": "default",
            "ipv4_ipam_pool_id": null,
            "ipv4_netmask_length": null,
            "ipv6_association_id": "",
            "ipv6_cidr_block": "",
            "ipv6_cidr_block_network_border_group": "",
            "ipv6_ipam_pool_id": "",
            "ipv6_netmask_length": 0,
            "main_route_table_id": "rtb-0128c54c40e5dadd8",
            "owner_id": "442376921734",
            "tags": {
              "Name": "cheerpay-dev-vpc"
            },
            "tags_all": {
              "Name": "cheerpay-dev-vpc"
            }
          },
          "sensitive_attributes": [],
          "identity_schema_version": 0,
          "private": "eyJzY2hlbWFfdmVyc2lvbiI6IjEifQ=="
        }
      ]
    },
    {
      "module": "module.vpc",
      "mode": "managed",
      "type": "aws_vpc_endpoint",
      "name": "ecr_api",
      "provider": "provider[\"registry.terraform.io/hashicorp/aws\"]",
      "instances": [
        {
          "schema_version": 0,
          "attributes": {
            "arn": "arn:aws:ec2:ap-northeast-1:442376921734:vpc-endpoint/vpce-09aeb4e4ee8d3b0ca",
            "auto_accept": null,
            "cidr_blocks": [],
            "dns_entry": [
              {
                "dns_name": "vpce-09aeb4e4ee8d3b0ca-49qx45r1.api.ecr.ap-northeast-1.vpce.amazonaws.com",
                "hosted_zone_id": "Z2E726K9Y6RL4W"
              },
              {
                "dns_name": "vpce-09aeb4e4ee8d3b0ca-49qx45r1-ap-northeast-1c.api.ecr.ap-northeast-1.vpce.amazonaws.com",
                "hosted_zone_id": "Z2E726K9Y6RL4W"
              },
              {
                "dns_name": "vpce-09aeb4e4ee8d3b0ca-49qx45r1-ap-northeast-1a.api.ecr.ap-northeast-1.vpce.amazonaws.com",
                "hosted_zone_id": "Z2E726K9Y6RL4W"
              },
              {
                "dns_name": "api.ecr.ap-northeast-1.amazonaws.com",
                "hosted_zone_id": "Z09815192L4SXEPM2BH9G"
              },
              {
                "dns_name": "ecr.ap-northeast-1.api.aws",
                "hosted_zone_id": "Z09754443GWQHFQF5GOY1"
              }
            ],
            "dns_options": [
              {
                "dns_record_ip_type": "ipv4",
                "private_dns_only_for_inbound_resolver_endpoint": false
              }
            ],
            "id": "vpce-09aeb4e4ee8d3b0ca",
            "ip_address_type": "ipv4",
            "network_interface_ids": [
              "eni-083cc85abf58be64a",
              "eni-0bbae3ef1f423de3c"
            ],
            "owner_id": "442376921734",
            "policy": "{\"Statement\":[{\"Action\":\"*\",\"Effect\":\"Allow\",\"Principal\":\"*\",\"Resource\":\"*\"}]}",
            "prefix_list_id": null,
            "private_dns_enabled": true,
            "requester_managed": false,
            "resource_configuration_arn": "",
            "route_table_ids": [],
            "security_group_ids": [
              "sg-02faa64247e261ab3"
            ],
            "service_name": "com.amazonaws.ap-northeast-1.ecr.api",
            "service_network_arn": "",
            "service_region": "ap-northeast-1",
            "state": "available",
            "subnet_configuration": [
              {
                "ipv4": "10.0.5.26",
                "ipv6": "",
                "subnet_id": "subnet-085d572d9e3f6f211"
              },
              {
                "ipv4": "10.0.6.97",
                "ipv6": "",
                "subnet_id": "subnet-046a87d656f3911d8"
              }
            ],
            "subnet_ids": [
              "subnet-046a87d656f3911d8",
              "subnet-085d572d9e3f6f211"
            ],
            "tags": {
              "Name": "cheerpay-dev-vpce-ecr-api"
            },
            "tags_all": {
              "Name": "cheerpay-dev-vpce-ecr-api"
            },
            "timeouts": null,
            "vpc_endpoint_type": "Interface",
            "vpc_id": "vpc-0c055a6c20ab48fe9"
          },
          "sensitive_attributes": [],
          "identity_schema_version": 0,
          "private": "eyJlMmJmYjczMC1lY2FhLTExZTYtOGY4OC0zNDM2M2JjN2M0YzAiOnsiY3JlYXRlIjo2MDAwMDAwMDAwMDAsImRlbGV0ZSI6NjAwMDAwMDAwMDAwLCJ1cGRhdGUiOjYwMDAwMDAwMDAwMH19",
          "dependencies": [
            "module.vpc.aws_security_group.vpc_endpoint_sg",
            "module.vpc.aws_subnet.private_a_ecs",
            "module.vpc.aws_subnet.private_c_ecs",
            "module.vpc.aws_vpc.vpc"
          ]
        }
      ]
    },
    {
      "module": "module.vpc",
      "mode": "managed",
      "type": "aws_vpc_endpoint",
      "name": "ecr_dkr",
      "provider": "provider[\"registry.terraform.io/hashicorp/aws\"]",
      "instances": [
        {
          "schema_version": 0,
          "attributes": {
            "arn": "arn:aws:ec2:ap-northeast-1:442376921734:vpc-endpoint/vpce-012cc0f5224e345af",
            "auto_accept": null,
            "cidr_blocks": [],
            "dns_entry": [
              {
                "dns_name": "vpce-012cc0f5224e345af-px1qnfsb.dkr.ecr.ap-northeast-1.vpce.amazonaws.com",
                "hosted_zone_id": "Z2E726K9Y6RL4W"
              },
              {
                "dns_name": "vpce-012cc0f5224e345af-px1qnfsb-ap-northeast-1c.dkr.ecr.ap-northeast-1.vpce.amazonaws.com",
                "hosted_zone_id": "Z2E726K9Y6RL4W"
              },
              {
                "dns_name": "vpce-012cc0f5224e345af-px1qnfsb-ap-northeast-1a.dkr.ecr.ap-northeast-1.vpce.amazonaws.com",
                "hosted_zone_id": "Z2E726K9Y6RL4W"
              },
              {
                "dns_name": "dkr.ecr.ap-northeast-1.amazonaws.com",
                "hosted_zone_id": "Z0071333ZGGS6UQVOWPA"
              },
              {
                "dns_name": "*.dkr.ecr.ap-northeast-1.amazonaws.com",
                "hosted_zone_id": "Z0071333ZGGS6UQVOWPA"
              },
              {
                "dns_name": "dkr-ecr.ap-northeast-1.on.aws",
                "hosted_zone_id": "Z09830212WU3PSAOJS3H7"
              },
              {
                "dns_name": "*.dkr-ecr.ap-northeast-1.on.aws",
                "hosted_zone_id": "Z09830212WU3PSAOJS3H7"
              }
            ],
            "dns_options": [
              {
                "dns_record_ip_type": "ipv4",
                "private_dns_only_for_inbound_resolver_endpoint": false
              }
            ],
            "id": "vpce-012cc0f5224e345af",
            "ip_address_type": "ipv4",
            "network_interface_ids": [
              "eni-03597ab1a6cd76506",
              "eni-059f2ff4d9dae954e"
            ],
            "owner_id": "442376921734",
            "policy": "{\"Statement\":[{\"Action\":\"*\",\"Effect\":\"Allow\",\"Principal\":\"*\",\"Resource\":\"*\"}]}",
            "prefix_list_id": null,
            "private_dns_enabled": true,
            "requester_managed": false,
            "resource_configuration_arn": "",
            "route_table_ids": [],
            "security_group_ids": [
              "sg-02faa64247e261ab3"
            ],
            "service_name": "com.amazonaws.ap-northeast-1.ecr.dkr",
            "service_network_arn": "",
            "service_region": "ap-northeast-1",
            "state": "available",
            "subnet_configuration": [
              {
                "ipv4": "10.0.5.123",
                "ipv6": "",
                "subnet_id": "subnet-085d572d9e3f6f211"
              },
              {
                "ipv4": "10.0.6.98",
                "ipv6": "",
                "subnet_id": "subnet-046a87d656f3911d8"
              }
            ],
            "subnet_ids": [
              "subnet-046a87d656f3911d8",
              "subnet-085d572d9e3f6f211"
            ],
            "tags": {
              "Name": "cheerpay-dev-vpce-ecr-dkr"
            },
            "tags_all": {
              "Name": "cheerpay-dev-vpce-ecr-dkr"
            },
            "timeouts": null,
            "vpc_endpoint_type": "Interface",
            "vpc_id": "vpc-0c055a6c20ab48fe9"
          },
          "sensitive_attributes": [],
          "identity_schema_version": 0,
          "private": "eyJlMmJmYjczMC1lY2FhLTExZTYtOGY4OC0zNDM2M2JjN2M0YzAiOnsiY3JlYXRlIjo2MDAwMDAwMDAwMDAsImRlbGV0ZSI6NjAwMDAwMDAwMDAwLCJ1cGRhdGUiOjYwMDAwMDAwMDAwMH19",
          "dependencies": [
            "module.vpc.aws_security_group.vpc_endpoint_sg",
            "module.vpc.aws_subnet.private_a_ecs",
            "module.vpc.aws_subnet.private_c_ecs",
            "module.vpc.aws_vpc.vpc"
          ]
        }
      ]
    },
    {
      "module": "module.vpc",
      "mode": "managed",
      "type": "aws_vpc_endpoint",
      "name": "ecr_logs",
      "provider": "provider[\"registry.terraform.io/hashicorp/aws\"]",
      "instances": [
        {
          "schema_version": 0,
          "attributes": {
            "arn": "arn:aws:ec2:ap-northeast-1:442376921734:vpc-endpoint/vpce-05f2ea5e5a025bef2",
            "auto_accept": null,
            "cidr_blocks": [],
            "dns_entry": [
              {
                "dns_name": "vpce-05f2ea5e5a025bef2-jp0oyzt4.logs.ap-northeast-1.vpce.amazonaws.com",
                "hosted_zone_id": "Z2E726K9Y6RL4W"
              },
              {
                "dns_name": "vpce-05f2ea5e5a025bef2-jp0oyzt4-ap-northeast-1a.logs.ap-northeast-1.vpce.amazonaws.com",
                "hosted_zone_id": "Z2E726K9Y6RL4W"
              },
              {
                "dns_name": "vpce-05f2ea5e5a025bef2-jp0oyzt4-ap-northeast-1c.logs.ap-northeast-1.vpce.amazonaws.com",
                "hosted_zone_id": "Z2E726K9Y6RL4W"
              },
              {
                "dns_name": "logs.ap-northeast-1.amazonaws.com",
                "hosted_zone_id": "Z0093074385FU9KR4X3OR"
              },
              {
                "dns_name": "logs.ap-northeast-1.api.aws",
                "hosted_zone_id": "Z0073256TMELHIAEXD7U"
              },
              {
                "dns_name": "streaming-logs.ap-northeast-1.amazonaws.com",
                "hosted_zone_id": "Z00936713N5KCK1DDM2L4"
              },
              {
                "dns_name": "streaming-logs.ap-northeast-1.api.aws",
                "hosted_zone_id": "Z00932852P2M4ZKDTVXO4"
              }
            ],
            "dns_options": [
              {
                "dns_record_ip_type": "ipv4",
                "private_dns_only_for_inbound_resolver_endpoint": false
              }
            ],
            "id": "vpce-05f2ea5e5a025bef2",
            "ip_address_type": "ipv4",
            "network_interface_ids": [
              "eni-01001724426baf481",
              "eni-01fd1c564053ded6f"
            ],
            "owner_id": "442376921734",
            "policy": "{\"Statement\":[{\"Action\":\"*\",\"Effect\":\"Allow\",\"Principal\":\"*\",\"Resource\":\"*\"}]}",
            "prefix_list_id": null,
            "private_dns_enabled": true,
            "requester_managed": false,
            "resource_configuration_arn": "",
            "route_table_ids": [],
            "security_group_ids": [
              "sg-02faa64247e261ab3"
            ],
            "service_name": "com.amazonaws.ap-northeast-1.logs",
            "service_network_arn": "",
            "service_region": "ap-northeast-1",
            "state": "available",
            "subnet_configuration": [
              {
                "ipv4": "10.0.5.62",
                "ipv6": "",
                "subnet_id": "subnet-085d572d9e3f6f211"
              },
              {
                "ipv4": "10.0.6.18",
                "ipv6": "",
                "subnet_id": "subnet-046a87d656f3911d8"
              }
            ],
            "subnet_ids": [
              "subnet-046a87d656f3911d8",
              "subnet-085d572d9e3f6f211"
            ],
            "tags": {
              "Name": "cheerpay-dev-vpce-ecr-logs"
            },
            "tags_all": {
              "Name": "cheerpay-dev-vpce-ecr-logs"
            },
            "timeouts": null,
            "vpc_endpoint_type": "Interface",
            "vpc_id": "vpc-0c055a6c20ab48fe9"
          },
          "sensitive_attributes": [],
          "identity_schema_version": 0,
          "private": "eyJlMmJmYjczMC1lY2FhLTExZTYtOGY4OC0zNDM2M2JjN2M0YzAiOnsiY3JlYXRlIjo2MDAwMDAwMDAwMDAsImRlbGV0ZSI6NjAwMDAwMDAwMDAwLCJ1cGRhdGUiOjYwMDAwMDAwMDAwMH19",
          "dependencies": [
            "module.vpc.aws_security_group.vpc_endpoint_sg",
            "module.vpc.aws_subnet.private_a_ecs",
            "module.vpc.aws_subnet.private_c_ecs",
            "module.vpc.aws_vpc.vpc"
          ]
        }
      ]
    },
    {
      "module": "module.vpc",
      "mode": "managed",
      "type": "aws_vpc_endpoint",
      "name": "s3",
      "provider": "provider[\"registry.terraform.io/hashicorp/aws\"]",
      "instances": [
        {
          "schema_version": 0,
          "attributes": {
            "arn": "arn:aws:ec2:ap-northeast-1:442376921734:vpc-endpoint/vpce-0c4dbf32f9d0442c5",
            "auto_accept": null,
            "cidr_blocks": [
              "3.5.152.0/21",
              "52.219.162.0/23",
              "52.219.0.0/20",
              "52.219.16.0/22",
              "52.219.196.0/22",
              "52.219.172.0/22",
              "52.219.195.0/24",
              "52.219.200.0/23",
              "52.219.150.0/23",
              "52.219.20.0/24",
              "52.219.152.0/22",
              "52.219.136.0/22",
              "52.219.68.0/22"
            ],
            "dns_entry": [],
            "dns_options": [],
            "id": "vpce-0c4dbf32f9d0442c5",
            "ip_address_type": "",
            "network_interface_ids": [],
            "owner_id": "442376921734",
            "policy": "{\"Statement\":[{\"Action\":\"*\",\"Effect\":\"Allow\",\"Principal\":\"*\",\"Resource\":\"*\"}],\"Version\":\"2008-10-17\"}",
            "prefix_list_id": "pl-61a54008",
            "private_dns_enabled": false,
            "requester_managed": false,
            "resource_configuration_arn": "",
            "route_table_ids": [
              "rtb-0a44cf8713630090b"
            ],
            "security_group_ids": [],
            "service_name": "com.amazonaws.ap-northeast-1.s3",
            "service_network_arn": "",
            "service_region": "ap-northeast-1",
            "state": "available",
            "subnet_configuration": [],
            "subnet_ids": [],
            "tags": {
              "Name": "cheerpay-dev-vpce-s3"
            },
            "tags_all": {
              "Name": "cheerpay-dev-vpce-s3"
            },
            "timeouts": null,
            "vpc_endpoint_type": "Gateway",
            "vpc_id": "vpc-0c055a6c20ab48fe9"
          },
          "sensitive_attributes": [],
          "identity_schema_version": 0,
          "private": "eyJlMmJmYjczMC1lY2FhLTExZTYtOGY4OC0zNDM2M2JjN2M0YzAiOnsiY3JlYXRlIjo2MDAwMDAwMDAwMDAsImRlbGV0ZSI6NjAwMDAwMDAwMDAwLCJ1cGRhdGUiOjYwMDAwMDAwMDAwMH19",
          "dependencies": [
            "module.vpc.aws_route_table.private_rt_ecs",
            "module.vpc.aws_vpc.vpc"
          ]
        }
      ]
    },
    {
      "module": "module.vpc",
      "mode": "managed",
      "type": "aws_vpc_endpoint",
      "name": "secretsmanager",
      "provider": "provider[\"registry.terraform.io/hashicorp/aws\"]",
      "instances": [
        {
          "schema_version": 0,
          "attributes": {
            "arn": "arn:aws:ec2:ap-northeast-1:442376921734:vpc-endpoint/vpce-0e70fcf2718c11a4a",
            "auto_accept": null,
            "cidr_blocks": [],
            "dns_entry": [
              {
                "dns_name": "vpce-0e70fcf2718c11a4a-6qxy88wz.secretsmanager.ap-northeast-1.vpce.amazonaws.com",
                "hosted_zone_id": "Z2E726K9Y6RL4W"
              },
              {
                "dns_name": "vpce-0e70fcf2718c11a4a-6qxy88wz-ap-northeast-1a.secretsmanager.ap-northeast-1.vpce.amazonaws.com",
                "hosted_zone_id": "Z2E726K9Y6RL4W"
              },
              {
                "dns_name": "vpce-0e70fcf2718c11a4a-6qxy88wz-ap-northeast-1c.secretsmanager.ap-northeast-1.vpce.amazonaws.com",
                "hosted_zone_id": "Z2E726K9Y6RL4W"
              },
              {
                "dns_name": "secretsmanager.ap-northeast-1.amazonaws.com",
                "hosted_zone_id": "Z09175281RP1KGJREKEN9"
              }
            ],
            "dns_options": [
              {
                "dns_record_ip_type": "ipv4",
                "private_dns_only_for_inbound_resolver_endpoint": false
              }
            ],
            "id": "vpce-0e70fcf2718c11a4a",
            "ip_address_type": "ipv4",
            "network_interface_ids": [
              "eni-022acb3ecb336841a",
              "eni-0f0a8f70d02bd098d"
            ],
            "owner_id": "442376921734",
            "policy": "{\"Statement\":[{\"Action\":\"*\",\"Effect\":\"Allow\",\"Principal\":\"*\",\"Resource\":\"*\"}]}",
            "prefix_list_id": null,
            "private_dns_enabled": true,
            "requester_managed": false,
            "resource_configuration_arn": "",
            "route_table_ids": [],
            "security_group_ids": [
              "sg-02faa64247e261ab3"
            ],
            "service_name": "com.amazonaws.ap-northeast-1.secretsmanager",
            "service_network_arn": "",
            "service_region": "ap-northeast-1",
            "state": "available",
            "subnet_configuration": [
              {
                "ipv4": "10.0.5.217",
                "ipv6": "",
                "subnet_id": "subnet-085d572d9e3f6f211"
              },
              {
                "ipv4": "10.0.6.15",
                "ipv6": "",
                "subnet_id": "subnet-046a87d656f3911d8"
              }
            ],
            "subnet_ids": [
              "subnet-046a87d656f3911d8",
              "subnet-085d572d9e3f6f211"
            ],
            "tags": {
              "Name": "cheerpay-dev-vpce-secretsmanager"
            },
            "tags_all": {
              "Name": "cheerpay-dev-vpce-secretsmanager"
            },
            "timeouts": null,
            "vpc_endpoint_type": "Interface",
            "vpc_id": "vpc-0c055a6c20ab48fe9"
          },
          "sensitive_attributes": [],
          "identity_schema_version": 0,
          "private": "eyJlMmJmYjczMC1lY2FhLTExZTYtOGY4OC0zNDM2M2JjN2M0YzAiOnsiY3JlYXRlIjo2MDAwMDAwMDAwMDAsImRlbGV0ZSI6NjAwMDAwMDAwMDAwLCJ1cGRhdGUiOjYwMDAwMDAwMDAwMH19",
          "dependencies": [
            "module.vpc.aws_security_group.vpc_endpoint_sg",
            "module.vpc.aws_subnet.private_a_ecs",
            "module.vpc.aws_subnet.private_c_ecs",
            "module.vpc.aws_vpc.vpc"
          ]
        }
      ]
    },
    {
      "module": "module.vpc",
      "mode": "managed",
      "type": "aws_vpc_endpoint",
      "name": "ssm",
      "provider": "provider[\"registry.terraform.io/hashicorp/aws\"]",
      "instances": [
        {
          "schema_version": 0,
          "attributes": {
            "arn": "arn:aws:ec2:ap-northeast-1:442376921734:vpc-endpoint/vpce-0f3bb182593348e25",
            "auto_accept": null,
            "cidr_blocks": [],
            "dns_entry": [
              {
                "dns_name": "vpce-0f3bb182593348e25-2ft16wfa.ssm.ap-northeast-1.vpce.amazonaws.com",
                "hosted_zone_id": "Z2E726K9Y6RL4W"
              },
              {
                "dns_name": "vpce-0f3bb182593348e25-2ft16wfa-ap-northeast-1a.ssm.ap-northeast-1.vpce.amazonaws.com",
                "hosted_zone_id": "Z2E726K9Y6RL4W"
              },
              {
                "dns_name": "vpce-0f3bb182593348e25-2ft16wfa-ap-northeast-1c.ssm.ap-northeast-1.vpce.amazonaws.com",
                "hosted_zone_id": "Z2E726K9Y6RL4W"
              },
              {
                "dns_name": "ssm.ap-northeast-1.amazonaws.com",
                "hosted_zone_id": "Z09798322E4J8EOEN8PQ2"
              },
              {
                "dns_name": "ssm.ap-northeast-1.api.aws",
                "hosted_zone_id": "Z09830163GLZC9JOJVYZ6"
              }
            ],
            "dns_options": [
              {
                "dns_record_ip_type": "ipv4",
                "private_dns_only_for_inbound_resolver_endpoint": false
              }
            ],
            "id": "vpce-0f3bb182593348e25",
            "ip_address_type": "ipv4",
            "network_interface_ids": [
              "eni-0394330b5ae3a2a22",
              "eni-0d3cad0d089567897"
            ],
            "owner_id": "442376921734",
            "policy": "{\"Statement\":[{\"Action\":\"*\",\"Effect\":\"Allow\",\"Principal\":\"*\",\"Resource\":\"*\"}]}",
            "prefix_list_id": null,
            "private_dns_enabled": true,
            "requester_managed": false,
            "resource_configuration_arn": "",
            "route_table_ids": [],
            "security_group_ids": [
              "sg-02faa64247e261ab3"
            ],
            "service_name": "com.amazonaws.ap-northeast-1.ssm",
            "service_network_arn": "",
            "service_region": "ap-northeast-1",
            "state": "available",
            "subnet_configuration": [
              {
                "ipv4": "10.0.5.79",
                "ipv6": "",
                "subnet_id": "subnet-085d572d9e3f6f211"
              },
              {
                "ipv4": "10.0.6.234",
                "ipv6": "",
                "subnet_id": "subnet-046a87d656f3911d8"
              }
            ],
            "subnet_ids": [
              "subnet-046a87d656f3911d8",
              "subnet-085d572d9e3f6f211"
            ],
            "tags": {
              "Name": "cheerpay-dev-vpce-ssm"
            },
            "tags_all": {
              "Name": "cheerpay-dev-vpce-ssm"
            },
            "timeouts": null,
            "vpc_endpoint_type": "Interface",
            "vpc_id": "vpc-0c055a6c20ab48fe9"
          },
          "sensitive_attributes": [],
          "identity_schema_version": 0,
          "private": "eyJlMmJmYjczMC1lY2FhLTExZTYtOGY4OC0zNDM2M2JjN2M0YzAiOnsiY3JlYXRlIjo2MDAwMDAwMDAwMDAsImRlbGV0ZSI6NjAwMDAwMDAwMDAwLCJ1cGRhdGUiOjYwMDAwMDAwMDAwMH19",
          "dependencies": [
            "module.vpc.aws_security_group.vpc_endpoint_sg",
            "module.vpc.aws_subnet.private_a_ecs",
            "module.vpc.aws_subnet.private_c_ecs",
            "module.vpc.aws_vpc.vpc"
          ]
        }
      ]
    },
    {
      "module": "module.vpc",
      "mode": "managed",
      "type": "aws_vpc_endpoint",
      "name": "ssmmessages",
      "provider": "provider[\"registry.terraform.io/hashicorp/aws\"]",
      "instances": [
        {
          "schema_version": 0,
          "attributes": {
            "arn": "arn:aws:ec2:ap-northeast-1:442376921734:vpc-endpoint/vpce-0a8faeef19dbec93b",
            "auto_accept": null,
            "cidr_blocks": [],
            "dns_entry": [
              {
                "dns_name": "vpce-0a8faeef19dbec93b-g4wbo62g.ssmmessages.ap-northeast-1.vpce.amazonaws.com",
                "hosted_zone_id": "Z2E726K9Y6RL4W"
              },
              {
                "dns_name": "vpce-0a8faeef19dbec93b-g4wbo62g-ap-northeast-1c.ssmmessages.ap-northeast-1.vpce.amazonaws.com",
                "hosted_zone_id": "Z2E726K9Y6RL4W"
              },
              {
                "dns_name": "vpce-0a8faeef19dbec93b-g4wbo62g-ap-northeast-1a.ssmmessages.ap-northeast-1.vpce.amazonaws.com",
                "hosted_zone_id": "Z2E726K9Y6RL4W"
              },
              {
                "dns_name": "ssmmessages.ap-northeast-1.amazonaws.com",
                "hosted_zone_id": "Z09802681N7OQ9Y2V5JAO"
              }
            ],
            "dns_options": [
              {
                "dns_record_ip_type": "ipv4",
                "private_dns_only_for_inbound_resolver_endpoint": false
              }
            ],
            "id": "vpce-0a8faeef19dbec93b",
            "ip_address_type": "ipv4",
            "network_interface_ids": [
              "eni-002a6d167801e5f5e",
              "eni-0ae72439bf006b23a"
            ],
            "owner_id": "442376921734",
            "policy": "{\"Statement\":[{\"Action\":\"*\",\"Effect\":\"Allow\",\"Principal\":\"*\",\"Resource\":\"*\"}]}",
            "prefix_list_id": null,
            "private_dns_enabled": true,
            "requester_managed": false,
            "resource_configuration_arn": "",
            "route_table_ids": [],
            "security_group_ids": [
              "sg-02faa64247e261ab3"
            ],
            "service_name": "com.amazonaws.ap-northeast-1.ssmmessages",
            "service_network_arn": "",
            "service_region": "ap-northeast-1",
            "state": "available",
            "subnet_configuration": [
              {
                "ipv4": "10.0.5.130",
                "ipv6": "",
                "subnet_id": "subnet-085d572d9e3f6f211"
              },
              {
                "ipv4": "10.0.6.141",
                "ipv6": "",
                "subnet_id": "subnet-046a87d656f3911d8"
              }
            ],
            "subnet_ids": [
              "subnet-046a87d656f3911d8",
              "subnet-085d572d9e3f6f211"
            ],
            "tags": {
              "Name": "cheerpay-dev-vpce-ssmmessages"
            },
            "tags_all": {
              "Name": "cheerpay-dev-vpce-ssmmessages"
            },
            "timeouts": null,
            "vpc_endpoint_type": "Interface",
            "vpc_id": "vpc-0c055a6c20ab48fe9"
          },
          "sensitive_attributes": [],
          "identity_schema_version": 0,
          "private": "eyJlMmJmYjczMC1lY2FhLTExZTYtOGY4OC0zNDM2M2JjN2M0YzAiOnsiY3JlYXRlIjo2MDAwMDAwMDAwMDAsImRlbGV0ZSI6NjAwMDAwMDAwMDAwLCJ1cGRhdGUiOjYwMDAwMDAwMDAwMH19",
          "dependencies": [
            "module.vpc.aws_security_group.vpc_endpoint_sg",
            "module.vpc.aws_subnet.private_a_ecs",
            "module.vpc.aws_subnet.private_c_ecs",
            "module.vpc.aws_vpc.vpc"
          ]
        }
      ]
    }
  ],
  "check_results": null
}
