{
  "version": 4,
  "terraform_version": "1.12.2",
  "serial": 5,
  "lineage": "00527368-3e86-0abd-0aee-c34b656e5e51",
  "outputs": {},
  "resources": [
    {
      "module": "module.vpc",
      "mode": "managed",
      "type": "aws_vpc",
      "name": "vpc",
      "provider": "provider[\"registry.terraform.io/hashicorp/aws\"]",
      "instances": [
        {
          "schema_version": 1,
          "attributes": {
            "arn": "arn:aws:ec2:ap-northeast-1:442376921734:vpc/vpc-078b3f086828d7a86",
            "assign_generated_ipv6_cidr_block": false,
            "cidr_block": "10.0.0.0/16",
            "default_network_acl_id": "acl-0dd65c280449bdb08",
            "default_route_table_id": "rtb-06067b248bdfd3871",
            "default_security_group_id": "sg-016bba5dbe215087d",
            "dhcp_options_id": "dopt-6c55050b",
            "enable_classiclink": false,
            "enable_classiclink_dns_support": false,
            "enable_dns_hostnames": true,
            "enable_dns_support": true,
            "id": "vpc-078b3f086828d7a86",
            "instance_tenancy": "default",
            "ipv6_association_id": "",
            "ipv6_cidr_block": "",
            "main_route_table_id": "rtb-06067b248bdfd3871",
            "owner_id": "442376921734",
            "tags": {
              "Name": "cheerpay-prod-vpc"
            }
          },
          "sensitive_attributes": [],
          "identity_schema_version": 0,
          "private": "eyJzY2hlbWFfdmVyc2lvbiI6IjEifQ=="
        }
      ]
    }
  ],
  "check_results": null
}
